// !$*UTF8*$!
{
	archiveVersion = 1;
	classes = {
	};
	objectVersion = 56;
	objects = {

/* Begin PBXBuildFile section */
		2F073A132946BE4000F024B8 /* PlanetsViewController.swift in Sources */ = {isa = PBXBuildFile; fileRef = 2F073A122946BE4000F024B8 /* PlanetsViewController.swift */; };
		2F0B04D22945A522001FAAE6 /* HomeViewController.swift in Sources */ = {isa = PBXBuildFile; fileRef = 2F0B04D12945A522001FAAE6 /* HomeViewController.swift */; };
		2F0B04D62945A576001FAAE6 /* HomeCollectionViewCell.swift in Sources */ = {isa = PBXBuildFile; fileRef = 2F0B04D52945A576001FAAE6 /* HomeCollectionViewCell.swift */; };
		2F587A2B294D49490028225E /* MercuryViewController.swift in Sources */ = {isa = PBXBuildFile; fileRef = 2F587A2A294D49490028225E /* MercuryViewController.swift */; };
		2F7DCBA0294835A20015073C /* SplashScreenNoMemory.swift in Sources */ = {isa = PBXBuildFile; fileRef = 2F7DCB9F294835A20015073C /* SplashScreenNoMemory.swift */; };
		2FBBB6592945531500BBB072 /* AppDelegate.swift in Sources */ = {isa = PBXBuildFile; fileRef = 2FBBB6582945531500BBB072 /* AppDelegate.swift */; };
		2FBBB65B2945531500BBB072 /* SceneDelegate.swift in Sources */ = {isa = PBXBuildFile; fileRef = 2FBBB65A2945531500BBB072 /* SceneDelegate.swift */; };
		2FBBB6602945531500BBB072 /* Main.storyboard in Resources */ = {isa = PBXBuildFile; fileRef = 2FBBB65E2945531500BBB072 /* Main.storyboard */; };
		2FBBB6622945531700BBB072 /* Assets.xcassets in Resources */ = {isa = PBXBuildFile; fileRef = 2FBBB6612945531700BBB072 /* Assets.xcassets */; };
		2FBBB6652945531700BBB072 /* LaunchScreen.storyboard in Resources */ = {isa = PBXBuildFile; fileRef = 2FBBB6632945531700BBB072 /* LaunchScreen.storyboard */; };
		2FDD8BAC29557A2D00865CB0 /* SplashScreenMemory.swift in Sources */ = {isa = PBXBuildFile; fileRef = 2FDD8BAB29557A2D00865CB0 /* SplashScreenMemory.swift */; };
/* End PBXBuildFile section */

/* Begin PBXFileReference section */
		2F073A122946BE4000F024B8 /* PlanetsViewController.swift */ = {isa = PBXFileReference; lastKnownFileType = sourcecode.swift; path = PlanetsViewController.swift; sourceTree = "<group>"; };
		2F0B04D12945A522001FAAE6 /* HomeViewController.swift */ = {isa = PBXFileReference; lastKnownFileType = sourcecode.swift; path = HomeViewController.swift; sourceTree = "<group>"; };
		2F0B04D52945A576001FAAE6 /* HomeCollectionViewCell.swift */ = {isa = PBXFileReference; lastKnownFileType = sourcecode.swift; path = HomeCollectionViewCell.swift; sourceTree = "<group>"; };
		2F587A2A294D49490028225E /* MercuryViewController.swift */ = {isa = PBXFileReference; lastKnownFileType = sourcecode.swift; path = MercuryViewController.swift; sourceTree = "<group>"; };
		2F7DCB9F294835A20015073C /* SplashScreenNoMemory.swift */ = {isa = PBXFileReference; lastKnownFileType = sourcecode.swift; path = SplashScreenNoMemory.swift; sourceTree = "<group>"; };
		2FBBB6552945531500BBB072 /* Spacefy.app */ = {isa = PBXFileReference; explicitFileType = wrapper.application; includeInIndex = 0; path = Spacefy.app; sourceTree = BUILT_PRODUCTS_DIR; };
		2FBBB6582945531500BBB072 /* AppDelegate.swift */ = {isa = PBXFileReference; lastKnownFileType = sourcecode.swift; path = AppDelegate.swift; sourceTree = "<group>"; };
		2FBBB65A2945531500BBB072 /* SceneDelegate.swift */ = {isa = PBXFileReference; lastKnownFileType = sourcecode.swift; path = SceneDelegate.swift; sourceTree = "<group>"; };
		2FBBB65F2945531500BBB072 /* Base */ = {isa = PBXFileReference; lastKnownFileType = file.storyboard; name = Base; path = Base.lproj/Main.storyboard; sourceTree = "<group>"; };
		2FBBB6612945531700BBB072 /* Assets.xcassets */ = {isa = PBXFileReference; lastKnownFileType = folder.assetcatalog; path = Assets.xcassets; sourceTree = "<group>"; };
		2FBBB6642945531700BBB072 /* Base */ = {isa = PBXFileReference; lastKnownFileType = file.storyboard; name = Base; path = Base.lproj/LaunchScreen.storyboard; sourceTree = "<group>"; };
		2FBBB6662945531700BBB072 /* Info.plist */ = {isa = PBXFileReference; lastKnownFileType = text.plist.xml; path = Info.plist; sourceTree = "<group>"; };
		2FDD8BAB29557A2D00865CB0 /* SplashScreenMemory.swift */ = {isa = PBXFileReference; lastKnownFileType = sourcecode.swift; path = SplashScreenMemory.swift; sourceTree = "<group>"; };
/* End PBXFileReference section */

/* Begin PBXFrameworksBuildPhase section */
		2FBBB6522945531500BBB072 /* Frameworks */ = {
			isa = PBXFrameworksBuildPhase;
			buildActionMask = 2147483647;
			files = (
			);
			runOnlyForDeploymentPostprocessing = 0;
		};
/* End PBXFrameworksBuildPhase section */

/* Begin PBXGroup section */
		2F587A29294D48FE0028225E /* PlanetViewController */ = {
			isa = PBXGroup;
			children = (
				2F587A2A294D49490028225E /* MercuryViewController.swift */,
			);
			path = PlanetViewController;
			sourceTree = "<group>";
		};
		2FBBB64C2945531500BBB072 = {
			isa = PBXGroup;
			children = (
				2FBBB6572945531500BBB072 /* Spacefy */,
				2FBBB6562945531500BBB072 /* Products */,
			);
			sourceTree = "<group>";
		};
		2FBBB6562945531500BBB072 /* Products */ = {
			isa = PBXGroup;
			children = (
				2FBBB6552945531500BBB072 /* Spacefy.app */,
			);
			name = Products;
			sourceTree = "<group>";
		};
		2FBBB6572945531500BBB072 /* Spacefy */ = {
			isa = PBXGroup;
			children = (
				2F587A29294D48FE0028225E /* PlanetViewController */,
				2FBBB6582945531500BBB072 /* AppDelegate.swift */,
				2FBBB65A2945531500BBB072 /* SceneDelegate.swift */,
				2FBBB65E2945531500BBB072 /* Main.storyboard */,
				2FBBB6612945531700BBB072 /* Assets.xcassets */,
				2FBBB6632945531700BBB072 /* LaunchScreen.storyboard */,
				2FBBB6662945531700BBB072 /* Info.plist */,
				2F0B04D12945A522001FAAE6 /* HomeViewController.swift */,
				2F073A122946BE4000F024B8 /* PlanetsViewController.swift */,
				2F0B04D52945A576001FAAE6 /* HomeCollectionViewCell.swift */,
				2F7DCB9F294835A20015073C /* SplashScreenNoMemory.swift */,
				2FDD8BAB29557A2D00865CB0 /* SplashScreenMemory.swift */,
			);
			path = Spacefy;
			sourceTree = "<group>";
		};
/* End PBXGroup section */

/* Begin PBXNativeTarget section */
		2FBBB6542945531500BBB072 /* Spacefy */ = {
			isa = PBXNativeTarget;
			buildConfigurationList = 2FBBB6692945531700BBB072 /* Build configuration list for PBXNativeTarget "Spacefy" */;
			buildPhases = (
				2FBBB6512945531500BBB072 /* Sources */,
				2FBBB6522945531500BBB072 /* Frameworks */,
				2FBBB6532945531500BBB072 /* Resources */,
			);
			buildRules = (
			);
			dependencies = (
			);
			name = Spacefy;
			productName = Spacefy;
			productReference = 2FBBB6552945531500BBB072 /* Spacefy.app */;
			productType = "com.apple.product-type.application";
		};
/* End PBXNativeTarget section */

/* Begin PBXProject section */
		2FBBB64D2945531500BBB072 /* Project object */ = {
			isa = PBXProject;
			attributes = {
				BuildIndependentTargetsInParallel = 1;
				LastSwiftUpdateCheck = 1410;
				LastUpgradeCheck = 1410;
				TargetAttributes = {
					2FBBB6542945531500BBB072 = {
						CreatedOnToolsVersion = 14.1;
					};
				};
			};
			buildConfigurationList = 2FBBB6502945531500BBB072 /* Build configuration list for PBXProject "Spacefy" */;
			compatibilityVersion = "Xcode 14.0";
			developmentRegion = en;
			hasScannedForEncodings = 0;
			knownRegions = (
				en,
				Base,
			);
			mainGroup = 2FBBB64C2945531500BBB072;
			productRefGroup = 2FBBB6562945531500BBB072 /* Products */;
			projectDirPath = "";
			projectRoot = "";
			targets = (
				2FBBB6542945531500BBB072 /* Spacefy */,
			);
		};
/* End PBXProject section */

/* Begin PBXResourcesBuildPhase section */
		2FBBB6532945531500BBB072 /* Resources */ = {
			isa = PBXResourcesBuildPhase;
			buildActionMask = 2147483647;
			files = (
				2FBBB6652945531700BBB072 /* LaunchScreen.storyboard in Resources */,
				2FBBB6622945531700BBB072 /* Assets.xcassets in Resources */,
				2FBBB6602945531500BBB072 /* Main.storyboard in Resources */,
			);
			runOnlyForDeploymentPostprocessing = 0;
		};
/* End PBXResourcesBuildPhase section */

/* Begin PBXSourcesBuildPhase section */
		2FBBB6512945531500BBB072 /* Sources */ = {
			isa = PBXSourcesBuildPhase;
			buildActionMask = 2147483647;
			files = (
				2F587A2B294D49490028225E /* MercuryViewController.swift in Sources */,
				2F0B04D62945A576001FAAE6 /* HomeCollectionViewCell.swift in Sources */,
				2F7DCBA0294835A20015073C /* SplashScreenNoMemory.swift in Sources */,
				2F073A132946BE4000F024B8 /* PlanetsViewController.swift in Sources */,
				2FBBB6592945531500BBB072 /* AppDelegate.swift in Sources */,
				2FBBB65B2945531500BBB072 /* SceneDelegate.swift in Sources */,
				2F0B04D22945A522001FAAE6 /* HomeViewController.swift in Sources */,
				2FDD8BAC29557A2D00865CB0 /* SplashScreenMemory.swift in Sources */,
			);
			runOnlyForDeploymentPostprocessing = 0;
		};
/* End PBXSourcesBuildPhase section */

/* Begin PBXVariantGroup section */
		2FBBB65E2945531500BBB072 /* Main.storyboard */ = {
			isa = PBXVariantGroup;
			children = (
				2FBBB65F2945531500BBB072 /* Base */,
			);
			name = Main.storyboard;
			sourceTree = "<group>";
		};
		2FBBB6632945531700BBB072 /* LaunchScreen.storyboard */ = {
			isa = PBXVariantGroup;
			children = (
				2FBBB6642945531700BBB072 /* Base */,
			);
			name = LaunchScreen.storyboard;
			sourceTree = "<group>";
		};
/* End PBXVariantGroup section */

/* Begin XCBuildConfiguration section */
		2FBBB6672945531700BBB072 /* Debug */ = {
			isa = XCBuildConfiguration;
			buildSettings = {
				ALWAYS_SEARCH_USER_PATHS = NO;
				CLANG_ANALYZER_NONNULL = YES;
				CLANG_ANALYZER_NUMBER_OBJECT_CONVERSION = YES_AGGRESSIVE;
				CLANG_CXX_LANGUAGE_STANDARD = "gnu++20";
				CLANG_ENABLE_MODULES = YES;
				CLANG_ENABLE_OBJC_ARC = YES;
				CLANG_ENABLE_OBJC_WEAK = YES;
				CLANG_WARN_BLOCK_CAPTURE_AUTORELEASING = YES;
				CLANG_WARN_BOOL_CONVERSION = YES;
				CLANG_WARN_COMMA = YES;
				CLANG_WARN_CONSTANT_CONVERSION = YES;
				CLANG_WARN_DEPRECATED_OBJC_IMPLEMENTATIONS = YES;
				CLANG_WARN_DIRECT_OBJC_ISA_USAGE = YES_ERROR;
				CLANG_WARN_DOCUMENTATION_COMMENTS = YES;
				CLANG_WARN_EMPTY_BODY = YES;
				CLANG_WARN_ENUM_CONVERSION = YES;
				CLANG_WARN_INFINITE_RECURSION = YES;
				CLANG_WARN_INT_CONVERSION = YES;
				CLANG_WARN_NON_LITERAL_NULL_CONVERSION = YES;
				CLANG_WARN_OBJC_IMPLICIT_RETAIN_SELF = YES;
				CLANG_WARN_OBJC_LITERAL_CONVERSION = YES;
				CLANG_WARN_OBJC_ROOT_CLASS = YES_ERROR;
				CLANG_WARN_QUOTED_INCLUDE_IN_FRAMEWORK_HEADER = YES;
				CLANG_WARN_RANGE_LOOP_ANALYSIS = YES;
				CLANG_WARN_STRICT_PROTOTYPES = YES;
				CLANG_WARN_SUSPICIOUS_MOVE = YES;
				CLANG_WARN_UNGUARDED_AVAILABILITY = YES_AGGRESSIVE;
				CLANG_WARN_UNREACHABLE_CODE = YES;
				CLANG_WARN__DUPLICATE_METHOD_MATCH = YES;
				COPY_PHASE_STRIP = NO;
				DEBUG_INFORMATION_FORMAT = dwarf;
				ENABLE_STRICT_OBJC_MSGSEND = YES;
				ENABLE_TESTABILITY = YES;
				GCC_C_LANGUAGE_STANDARD = gnu11;
				GCC_DYNAMIC_NO_PIC = NO;
				GCC_NO_COMMON_BLOCKS = YES;
				GCC_OPTIMIZATION_LEVEL = 0;
				GCC_PREPROCESSOR_DEFINITIONS = (
					"DEBUG=1",
					"$(inherited)",
				);
				GCC_WARN_64_TO_32_BIT_CONVERSION = YES;
				GCC_WARN_ABOUT_RETURN_TYPE = YES_ERROR;
				GCC_WARN_UNDECLARED_SELECTOR = YES;
				GCC_WARN_UNINITIALIZED_AUTOS = YES_AGGRESSIVE;
				GCC_WARN_UNUSED_FUNCTION = YES;
				GCC_WARN_UNUSED_VARIABLE = YES;
				IPHONEOS_DEPLOYMENT_TARGET = 16.1;
				MTL_ENABLE_DEBUG_INFO = INCLUDE_SOURCE;
				MTL_FAST_MATH = YES;
				ONLY_ACTIVE_ARCH = YES;
				SDKROOT = iphoneos;
				SWIFT_ACTIVE_COMPILATION_CONDITIONS = DEBUG;
				SWIFT_OPTIMIZATION_LEVEL = "-Onone";
			};
			name = Debug;
		};
		2FBBB6682945531700BBB072 /* Release */ = {
			isa = XCBuildConfiguration;
			buildSettings = {
				ALWAYS_SEARCH_USER_PATHS = NO;
				CLANG_ANALYZER_NONNULL = YES;
				CLANG_ANALYZER_NUMBER_OBJECT_CONVERSION = YES_AGGRESSIVE;
				CLANG_CXX_LANGUAGE_STANDARD = "gnu++20";
				CLANG_ENABLE_MODULES = YES;
				CLANG_ENABLE_OBJC_ARC = YES;
				CLANG_ENABLE_OBJC_WEAK = YES;
				CLANG_WARN_BLOCK_CAPTURE_AUTORELEASING = YES;
				CLANG_WARN_BOOL_CONVERSION = YES;
				CLANG_WARN_COMMA = YES;
				CLANG_WARN_CONSTANT_CONVERSION = YES;
				CLANG_WARN_DEPRECATED_OBJC_IMPLEMENTATIONS = YES;
				CLANG_WARN_DIRECT_OBJC_ISA_USAGE = YES_ERROR;
				CLANG_WARN_DOCUMENTATION_COMMENTS = YES;
				CLANG_WARN_EMPTY_BODY = YES;
				CLANG_WARN_ENUM_CONVERSION = YES;
				CLANG_WARN_INFINITE_RECURSION = YES;
				CLANG_WARN_INT_CONVERSION = YES;
				CLANG_WARN_NON_LITERAL_NULL_CONVERSION = YES;
				CLANG_WARN_OBJC_IMPLICIT_RETAIN_SELF = YES;
				CLANG_WARN_OBJC_LITERAL_CONVERSION = YES;
				CLANG_WARN_OBJC_ROOT_CLASS = YES_ERROR;
				CLANG_WARN_QUOTED_INCLUDE_IN_FRAMEWORK_HEADER = YES;
				CLANG_WARN_RANGE_LOOP_ANALYSIS = YES;
				CLANG_WARN_STRICT_PROTOTYPES = YES;
				CLANG_WARN_SUSPICIOUS_MOVE = YES;
				CLANG_WARN_UNGUARDED_AVAILABILITY = YES_AGGRESSIVE;
				CLANG_WARN_UNREACHABLE_CODE = YES;
				CLANG_WARN__DUPLICATE_METHOD_MATCH = YES;
				COPY_PHASE_STRIP = NO;
				DEBUG_INFORMATION_FORMAT = "dwarf-with-dsym";
				ENABLE_NS_ASSERTIONS = NO;
				ENABLE_STRICT_OBJC_MSGSEND = YES;
				GCC_C_LANGUAGE_STANDARD = gnu11;
				GCC_NO_COMMON_BLOCKS = YES;
				GCC_WARN_64_TO_32_BIT_CONVERSION = YES;
				GCC_WARN_ABOUT_RETURN_TYPE = YES_ERROR;
				GCC_WARN_UNDECLARED_SELECTOR = YES;
				GCC_WARN_UNINITIALIZED_AUTOS = YES_AGGRESSIVE;
				GCC_WARN_UNUSED_FUNCTION = YES;
				GCC_WARN_UNUSED_VARIABLE = YES;
				IPHONEOS_DEPLOYMENT_TARGET = 16.1;
				MTL_ENABLE_DEBUG_INFO = NO;
				MTL_FAST_MATH = YES;
				SDKROOT = iphoneos;
				SWIFT_COMPILATION_MODE = wholemodule;
				SWIFT_OPTIMIZATION_LEVEL = "-O";
				VALIDATE_PRODUCT = YES;
			};
			name = Release;
		};
		2FBBB66A2945531700BBB072 /* Debug */ = {
			isa = XCBuildConfiguration;
			buildSettings = {
				ASSETCATALOG_COMPILER_APPICON_NAME = AppIcon;
				ASSETCATALOG_COMPILER_GLOBAL_ACCENT_COLOR_NAME = AccentColor;
				ASSETCATALOG_COMPILER_INCLUDE_ALL_APPICON_ASSETS = YES;
				CODE_SIGN_STYLE = Automatic;
				CURRENT_PROJECT_VERSION = 1;
				DEVELOPMENT_TEAM = 6C6Q6AQ2V8;
				GENERATE_INFOPLIST_FILE = YES;
				INFOPLIST_FILE = Spacefy/Info.plist;
				INFOPLIST_KEY_CFBundleDisplayName = Spacefy;
				INFOPLIST_KEY_LSApplicationCategoryType = "public.app-category.entertainment";
				INFOPLIST_KEY_UIApplicationSupportsIndirectInputEvents = YES;
				INFOPLIST_KEY_UILaunchStoryboardName = LaunchScreen.storyboard;
				INFOPLIST_KEY_UIMainStoryboardFile = Main;
				INFOPLIST_KEY_UIStatusBarStyle = UIStatusBarStyleDarkContent;
				INFOPLIST_KEY_UISupportedInterfaceOrientations = UIInterfaceOrientationPortrait;
				INFOPLIST_KEY_UISupportedInterfaceOrientations_iPad = "UIInterfaceOrientationLandscapeLeft UIInterfaceOrientationLandscapeRight UIInterfaceOrientationPortrait UIInterfaceOrientationPortraitUpsideDown";
				IPHONEOS_DEPLOYMENT_TARGET = 11.0;
				LD_RUNPATH_SEARCH_PATHS = (
					"$(inherited)",
					"@executable_path/Frameworks",
				);
				MARKETING_VERSION = 0.1.1;
				PRODUCT_BUNDLE_IDENTIFIER = com.snape447.Spacefy;
				PRODUCT_NAME = "$(TARGET_NAME)";
				SUPPORTED_PLATFORMS = "iphoneos iphonesimulator";
				SUPPORTS_MACCATALYST = NO;
				SUPPORTS_MAC_DESIGNED_FOR_IPHONE_IPAD = NO;
				SWIFT_EMIT_LOC_STRINGS = YES;
				SWIFT_VERSION = 5.0;
				TARGETED_DEVICE_FAMILY = 1;
			};
			name = Debug;
		};
		2FBBB66B2945531700BBB072 /* Release */ = {
			isa = XCBuildConfiguration;
			buildSettings = {
				ASSETCATALOG_COMPILER_APPICON_NAME = AppIcon;
				ASSETCATALOG_COMPILER_GLOBAL_ACCENT_COLOR_NAME = AccentColor;
				ASSETCATALOG_COMPILER_INCLUDE_ALL_APPICON_ASSETS = YES;
				CODE_SIGN_STYLE = Automatic;
				CURRENT_PROJECT_VERSION = 1;
				DEVELOPMENT_TEAM = 6C6Q6AQ2V8;
				GENERATE_INFOPLIST_FILE = YES;
				INFOPLIST_FILE = Spacefy/Info.plist;
				INFOPLIST_KEY_CFBundleDisplayName = Spacefy;
				INFOPLIST_KEY_LSApplicationCategoryType = "public.app-category.entertainment";
				INFOPLIST_KEY_UIApplicationSupportsIndirectInputEvents = YES;
				INFOPLIST_KEY_UILaunchStoryboardName = LaunchScreen.storyboard;
				INFOPLIST_KEY_UIMainStoryboardFile = Main;
				INFOPLIST_KEY_UIStatusBarStyle = UIStatusBarStyleDarkContent;
				INFOPLIST_KEY_UISupportedInterfaceOrientations = UIInterfaceOrientationPortrait;
				INFOPLIST_KEY_UISupportedInterfaceOrientations_iPad = "UIInterfaceOrientationLandscapeLeft UIInterfaceOrientationLandscapeRight UIInterfaceOrientationPortrait UIInterfaceOrientationPortraitUpsideDown";
				IPHONEOS_DEPLOYMENT_TARGET = 11.0;
				LD_RUNPATH_SEARCH_PATHS = (
					"$(inherited)",
					"@executable_path/Frameworks",
				);
				MARKETING_VERSION = 0.1.1;
				PRODUCT_BUNDLE_IDENTIFIER = com.snape447.Spacefy;
				PRODUCT_NAME = "$(TARGET_NAME)";
				SUPPORTED_PLATFORMS = "iphoneos iphonesimulator";
				SUPPORTS_MACCATALYST = NO;
				SUPPORTS_MAC_DESIGNED_FOR_IPHONE_IPAD = NO;
				SWIFT_EMIT_LOC_STRINGS = YES;
				SWIFT_VERSION = 5.0;
				TARGETED_DEVICE_FAMILY = 1;
			};
			name = Release;
		};
/* End XCBuildConfiguration section */

/* Begin XCConfigurationList section */
		2FBBB6502945531500BBB072 /* Build configuration list for PBXProject "Spacefy" */ = {
			isa = XCConfigurationList;
			buildConfigurations = (
				2FBBB6672945531700BBB072 /* Debug */,
				2FBBB6682945531700BBB072 /* Release */,
			);
			defaultConfigurationIsVisible = 0;
			defaultConfigurationName = Release;
		};
		2FBBB6692945531700BBB072 /* Build configuration list for PBXNativeTarget "Spacefy" */ = {
			isa = XCConfigurationList;
			buildConfigurations = (
				2FBBB66A2945531700BBB072 /* Debug */,
				2FBBB66B2945531700BBB072 /* Release */,
			);
			defaultConfigurationIsVisible = 0;
			defaultConfigurationName = Release;
		};
/* End XCConfigurationList section */
	};
	rootObject = 2FBBB64D2945531500BBB072 /* Project object */;
}
