{
  "originHash" : "639959f6b799b9f8856f94a78a4e86161029c3ddb6f0d0978e723b5dbdb09849",
  "pins" : [
    {
      "identity" : "networkimage",
      "kind" : "remoteSourceControl",
      "location" : "https://github.com/gonzalezreal/NetworkImage",
      "state" : {
        "revision" : "7aff8d1b31148d32c5933d75557d42f6323ee3d1",
        "version" : "6.0.0"
      }
    },
    {
      "identity" : "swift-markdown-ui",
      "kind" : "remoteSourceControl",
      "location" : "https://github.com/gonzalezreal/swift-markdown-ui",
      "state" : {
        "revision" : "ae799d015a5374708f7b4c85f3294c05f2a564e2",
        "version" : "2.3.0"
      }
    },
    {
      "identity" : "swiftui-vertical-tab-view",
      "kind" : "remoteSourceControl",
      "location" : "https://github.com/lorenzofiamingo/swiftui-vertical-tab-view",
      "state" : {
        "revision" : "e029f75f9c43e52e351528a78e293a997200b9f8",
        "version" : "2.0.0"
      }
    },
    {
      "identity" : "swiftuigradientblur",
      "kind" : "remoteSourceControl",
      "location" : "https://github.com/unitedadityaa/SwiftUIGradientBlur",
      "state" : {
        "branch" : "main",
        "revision" : "d9cccf84c0b20433c679c0470878205d235e81bb"
      }
    }
  ],
  "version" : 3
}
