// !$*UTF8*$!
{
	archiveVersion = 1;
	classes = {
	};
	objectVersion = 60;
	objects = {

/* Begin PBXBuildFile section */
		0B00383B2B9F89E100DAD175 /* Tab.swift in Sources */ = {isa = PBXBuildFile; fileRef = 0B00383A2B9F89E000DAD175 /* Tab.swift */; };
		0B00383D2B9F8B7900DAD175 /* PlanetsView.swift in Sources */ = {isa = PBXBuildFile; fileRef = 0B00383C2B9F8B7900DAD175 /* PlanetsView.swift */; };
		0B05E3F12BE98AFE007A116E /* RNNMaybach.swift in Sources */ = {isa = PBXBuildFile; fileRef = 0B05E3F02BE98AFE007A116E /* RNNMaybach.swift */; };
		0B05E3F42BEA0676007A116E /* Event.swift in Sources */ = {isa = PBXBuildFile; fileRef = 0B05E3F32BEA0676007A116E /* Event.swift */; };
		0B05E3F62BEA07E8007A116E /* API_EONET.swift in Sources */ = {isa = PBXBuildFile; fileRef = 0B05E3F52BEA07E8007A116E /* API_EONET.swift */; };
		0B161A692B9FF30B008F3D0F /* View+OffsetX.swift in Sources */ = {isa = PBXBuildFile; fileRef = 0B161A682B9FF30B008F3D0F /* View+OffsetX.swift */; };
		0B161A6B2BA014DC008F3D0F /* View+TabMask.swift in Sources */ = {isa = PBXBuildFile; fileRef = 0B161A6A2BA014DC008F3D0F /* View+TabMask.swift */; };
		0B161A6D2BA02123008F3D0F /* Planet.swift in Sources */ = {isa = PBXBuildFile; fileRef = 0B161A6C2BA02123008F3D0F /* Planet.swift */; };
		0B18962C2BBBCF6500BCC983 /* RoadMapView.swift in Sources */ = {isa = PBXBuildFile; fileRef = 0B18962B2BBBCF6500BCC983 /* RoadMapView.swift */; };
		0B1BAD512AE96FE7001CFC35 /* ci_scripts in Resources */ = {isa = PBXBuildFile; fileRef = 0B1BAD502AE96FE7001CFC35 /* ci_scripts */; };
		0B1BAD572AE97736001CFC35 /* .gitignore in Resources */ = {isa = PBXBuildFile; fileRef = 0B1BAD562AE97736001CFC35 /* .gitignore */; };
		0B25FC932BFCD5DE00ED1EA3 /* ChangeLogView.swift in Sources */ = {isa = PBXBuildFile; fileRef = 0B25FC922BFCD5DE00ED1EA3 /* ChangeLogView.swift */; };
		0B298B922C1DB03B0044364E /* Assets.xcassets in Resources */ = {isa = PBXBuildFile; fileRef = 2FBBB6612945531700BBB072 /* Assets.xcassets */; };
		0B39A33C2C1D5799003159F9 /* MarkdownUI in Frameworks */ = {isa = PBXBuildFile; productRef = 0B39A33B2C1D5799003159F9 /* MarkdownUI */; };
		0B3EC2642BA4BAFE004491B7 /* ImageView.swift in Sources */ = {isa = PBXBuildFile; fileRef = 0B3EC2632BA4BAFE004491B7 /* ImageView.swift */; };
		0B3EC2662BA4D16F004491B7 /* API_NASA.swift in Sources */ = {isa = PBXBuildFile; fileRef = 0B3EC2652BA4D16F004491B7 /* API_NASA.swift */; };
		0B40299C2BA4FEC1004B0F43 /* IOTD.swift in Sources */ = {isa = PBXBuildFile; fileRef = 0B40299B2BA4FEC1004B0F43 /* IOTD.swift */; };
		0B4189A52BFF9485006E762C /* Launch Screen.storyboard in Resources */ = {isa = PBXBuildFile; fileRef = 0B4189A42BFF9485006E762C /* Launch Screen.storyboard */; };
		0B5CC34E2BA2C84E00A7A55F /* ChartView.swift in Sources */ = {isa = PBXBuildFile; fileRef = 0B5CC34D2BA2C84E00A7A55F /* ChartView.swift */; };
		0B7671932AE47E22008E57B2 /* API_OPENAI.swift in Sources */ = {isa = PBXBuildFile; fileRef = 0B7671922AE47E22008E57B2 /* API_OPENAI.swift */; };
		0B7671972AE4C3FE008E57B2 /* Swift.swift in Sources */ = {isa = PBXBuildFile; fileRef = 0B7671962AE4C3FE008E57B2 /* Swift.swift */; };
		0B7D18BF2AE8A482009C2317 /* MessageRow.swift in Sources */ = {isa = PBXBuildFile; fileRef = 0B7D18BE2AE8A482009C2317 /* MessageRow.swift */; };
		0B7D18C82AE8AB97009C2317 /* MessageRowView.swift in Sources */ = {isa = PBXBuildFile; fileRef = 0B7D18C72AE8AB97009C2317 /* MessageRowView.swift */; };
		0B7D18CC2AE8B655009C2317 /* SwiftView.swift in Sources */ = {isa = PBXBuildFile; fileRef = 0B7D18CB2AE8B655009C2317 /* SwiftView.swift */; };
		0B8615A82BAF6580008CCD5F /* LoadingView.swift in Sources */ = {isa = PBXBuildFile; fileRef = 0B8615A72BAF6580008CCD5F /* LoadingView.swift */; };
		0B923B6E2B9CBBEE009B8D45 /* TabBarView.swift in Sources */ = {isa = PBXBuildFile; fileRef = 0B923B6D2B9CBBEE009B8D45 /* TabBarView.swift */; };
		0B97AE222C1E9078003E96EB /* API_NASA.swift in Sources */ = {isa = PBXBuildFile; fileRef = 0B3EC2652BA4D16F004491B7 /* API_NASA.swift */; };
		0B97AE232C1E90CA003E96EB /* IOTD.swift in Sources */ = {isa = PBXBuildFile; fileRef = 0B40299B2BA4FEC1004B0F43 /* IOTD.swift */; };
		0B97AE272C1FF32E003E96EB /* SplashScreen.swift in Sources */ = {isa = PBXBuildFile; fileRef = 0BB14A462B9C2B5F00476F3C /* SplashScreen.swift */; };
		0B97AE292C2006C1003E96EB /* WatchCosmofyApp.swift in Sources */ = {isa = PBXBuildFile; fileRef = 0BDBC9CB2C1D956E00F720F2 /* WatchCosmofyApp.swift */; };
		0B97AE2B2C200979003E96EB /* ImageView.swift in Sources */ = {isa = PBXBuildFile; fileRef = 0B97AE2A2C200979003E96EB /* ImageView.swift */; };
		0B97AE2D2C2009B3003E96EB /* PlanetsView.swift in Sources */ = {isa = PBXBuildFile; fileRef = 0B97AE2C2C2009B3003E96EB /* PlanetsView.swift */; };
		0B9F02782B75E5B200CB5543 /* SF-Pro-Rounded-Heavy.otf in Resources */ = {isa = PBXBuildFile; fileRef = 0B9F026F2B75E5B200CB5543 /* SF-Pro-Rounded-Heavy.otf */; };
		0B9F02792B75E5B200CB5543 /* SF-Pro-Rounded-Bold.otf in Resources */ = {isa = PBXBuildFile; fileRef = 0B9F02702B75E5B200CB5543 /* SF-Pro-Rounded-Bold.otf */; };
		0B9F027A2B75E5B200CB5543 /* SF-Pro-Rounded-Semibold.otf in Resources */ = {isa = PBXBuildFile; fileRef = 0B9F02712B75E5B200CB5543 /* SF-Pro-Rounded-Semibold.otf */; };
		0B9F027B2B75E5B200CB5543 /* SF-Pro-Rounded-Ultralight.otf in Resources */ = {isa = PBXBuildFile; fileRef = 0B9F02722B75E5B200CB5543 /* SF-Pro-Rounded-Ultralight.otf */; };
		0B9F027C2B75E5B200CB5543 /* SF-Pro-Rounded-Black.otf in Resources */ = {isa = PBXBuildFile; fileRef = 0B9F02732B75E5B200CB5543 /* SF-Pro-Rounded-Black.otf */; };
		0B9F027D2B75E5B200CB5543 /* SF-Pro-Rounded-Light.otf in Resources */ = {isa = PBXBuildFile; fileRef = 0B9F02742B75E5B200CB5543 /* SF-Pro-Rounded-Light.otf */; };
		0B9F027E2B75E5B200CB5543 /* SF-Pro-Rounded-Thin.otf in Resources */ = {isa = PBXBuildFile; fileRef = 0B9F02752B75E5B200CB5543 /* SF-Pro-Rounded-Thin.otf */; };
		0B9F027F2B75E5B200CB5543 /* SF-Pro-Rounded-Medium.otf in Resources */ = {isa = PBXBuildFile; fileRef = 0B9F02762B75E5B200CB5543 /* SF-Pro-Rounded-Medium.otf */; };
		0B9F02802B75E5B200CB5543 /* SF-Pro-Rounded-Regular.otf in Resources */ = {isa = PBXBuildFile; fileRef = 0B9F02772B75E5B200CB5543 /* SF-Pro-Rounded-Regular.otf */; };
		0BB14A432B9C2B1100476F3C /* CosmofyApp.swift in Sources */ = {isa = PBXBuildFile; fileRef = 0BB14A422B9C2B1100476F3C /* CosmofyApp.swift */; };
		0BB14A472B9C2B5F00476F3C /* SplashScreen.swift in Sources */ = {isa = PBXBuildFile; fileRef = 0BB14A462B9C2B5F00476F3C /* SplashScreen.swift */; };
		0BB14A4A2B9C2CF000476F3C /* SplashScreenView.swift in Sources */ = {isa = PBXBuildFile; fileRef = 0BB14A492B9C2CF000476F3C /* SplashScreenView.swift */; };
		0BB14A4D2B9C2EB000476F3C /* Color+Hex.swift in Sources */ = {isa = PBXBuildFile; fileRef = 0BB14A4C2B9C2EB000476F3C /* Color+Hex.swift */; };
		0BB14A532B9C339800476F3C /* Card.swift in Sources */ = {isa = PBXBuildFile; fileRef = 0BB14A522B9C339800476F3C /* Card.swift */; };
		0BBF4B9D2A6049F100A9DC4D /* Haptics.swift in Sources */ = {isa = PBXBuildFile; fileRef = 0BBF4B9C2A6049F100A9DC4D /* Haptics.swift */; };
		0BDBC9CE2C1D956E00F720F2 /* ContentView.swift in Sources */ = {isa = PBXBuildFile; fileRef = 0BDBC9CD2C1D956E00F720F2 /* ContentView.swift */; };
		0BDBC9D02C1D957000F720F2 /* Assets.xcassets in Resources */ = {isa = PBXBuildFile; fileRef = 0BDBC9CF2C1D957000F720F2 /* Assets.xcassets */; };
		0BDBC9D32C1D957000F720F2 /* Preview Assets.xcassets in Resources */ = {isa = PBXBuildFile; fileRef = 0BDBC9D22C1D957000F720F2 /* Preview Assets.xcassets */; };
		0BDBC9D62C1D957000F720F2 /* Cosmofy.app in Embed Watch Content */ = {isa = PBXBuildFile; fileRef = 0BDBC9C92C1D956E00F720F2 /* Cosmofy.app */; settings = {ATTRIBUTES = (RemoveHeadersOnCopy, ); }; };
		0BDBC9DD2C1D95CB00F720F2 /* Planet.swift in Sources */ = {isa = PBXBuildFile; fileRef = 0B161A6C2BA02123008F3D0F /* Planet.swift */; };
		0BDBC9E02C1DA46A00F720F2 /* SplashScreenView.swift in Sources */ = {isa = PBXBuildFile; fileRef = 0BB14A492B9C2CF000476F3C /* SplashScreenView.swift */; };
		0BDBC9E12C1DA48000F720F2 /* Color+Hex.swift in Sources */ = {isa = PBXBuildFile; fileRef = 0BB14A4C2B9C2EB000476F3C /* Color+Hex.swift */; };
		0BF2A4172BFBF24B007B3E4B /* GarenText.swift in Sources */ = {isa = PBXBuildFile; fileRef = 0BF2A4162BFBF24B007B3E4B /* GarenText.swift */; };
		0BF2A4242BFBF935007B3E4B /* SF-Mono-Regular.otf in Resources */ = {isa = PBXBuildFile; fileRef = 0BF2A41E2BFBF78E007B3E4B /* SF-Mono-Regular.otf */; };
		0BF2A4252BFBF935007B3E4B /* SF-Mono-LightItalic.otf in Resources */ = {isa = PBXBuildFile; fileRef = 0BF2A41D2BFBF78E007B3E4B /* SF-Mono-LightItalic.otf */; };
		0BF2A4262BFBF935007B3E4B /* SF-Mono-Heavy.otf in Resources */ = {isa = PBXBuildFile; fileRef = 0BF2A41F2BFBF78E007B3E4B /* SF-Mono-Heavy.otf */; };
		0BF2A4272BFBF935007B3E4B /* SF-Mono-Medium.otf in Resources */ = {isa = PBXBuildFile; fileRef = 0BF2A4212BFBF78E007B3E4B /* SF-Mono-Medium.otf */; };
		0BF2A4282BFBF935007B3E4B /* SF-Mono-RegularItalic.otf in Resources */ = {isa = PBXBuildFile; fileRef = 0BF2A4202BFBF78E007B3E4B /* SF-Mono-RegularItalic.otf */; };
		0BF2A4292BFBF935007B3E4B /* SF-Mono-Semibold.otf in Resources */ = {isa = PBXBuildFile; fileRef = 0BF2A4222BFBF78E007B3E4B /* SF-Mono-Semibold.otf */; };
		0BF2A42A2BFBF935007B3E4B /* SF-Mono-BoldItalic.otf in Resources */ = {isa = PBXBuildFile; fileRef = 0BF2A41B2BFBF78E007B3E4B /* SF-Mono-BoldItalic.otf */; };
		0BF2A42B2BFBF935007B3E4B /* SF-Mono-Bold.otf in Resources */ = {isa = PBXBuildFile; fileRef = 0BF2A4192BFBF78E007B3E4B /* SF-Mono-Bold.otf */; };
		0BF2A42C2BFBF935007B3E4B /* SF-Mono-HeavyItalic.otf in Resources */ = {isa = PBXBuildFile; fileRef = 0BF2A41A2BFBF78E007B3E4B /* SF-Mono-HeavyItalic.otf */; };
		0BF2A42D2BFBF935007B3E4B /* SF-Mono-SemiboldItalic.otf in Resources */ = {isa = PBXBuildFile; fileRef = 0BF2A4182BFBF78D007B3E4B /* SF-Mono-SemiboldItalic.otf */; };
		0BF2A42E2BFBF935007B3E4B /* SF-Mono-Light.otf in Resources */ = {isa = PBXBuildFile; fileRef = 0BF2A4232BFBF78E007B3E4B /* SF-Mono-Light.otf */; };
		0BF2A42F2BFBF935007B3E4B /* SF-Mono-MediumItalic.otf in Resources */ = {isa = PBXBuildFile; fileRef = 0BF2A41C2BFBF78E007B3E4B /* SF-Mono-MediumItalic.otf */; };
		0BFB21052B9CEB1400C84FD8 /* Home.swift in Sources */ = {isa = PBXBuildFile; fileRef = 0BFB21042B9CEB1400C84FD8 /* Home.swift */; };
		0BFF74672B76FE0B0079A71A /* PlanetView.swift in Sources */ = {isa = PBXBuildFile; fileRef = 0BFF74662B76FE0B0079A71A /* PlanetView.swift */; };
		2F4F8FC2295EBC5100F7EE98 /* StarsParticleSystem.scnp in Resources */ = {isa = PBXBuildFile; fileRef = 2F4F8FC0295EBC5100F7EE98 /* StarsParticleSystem.scnp */; };
		2F4F8FC3295EBC5100F7EE98 /* star.png in Resources */ = {isa = PBXBuildFile; fileRef = 2F4F8FC1295EBC5100F7EE98 /* star.png */; };
		2F4F8FC5295EC08100F7EE98 /* PlanetNode.swift in Sources */ = {isa = PBXBuildFile; fileRef = 2F4F8FC4295EC08100F7EE98 /* PlanetNode.swift */; };
		2FBBB6622945531700BBB072 /* Assets.xcassets in Resources */ = {isa = PBXBuildFile; fileRef = 2FBBB6612945531700BBB072 /* Assets.xcassets */; };
/* End PBXBuildFile section */

/* Begin PBXContainerItemProxy section */
		0BDBC9D42C1D957000F720F2 /* PBXContainerItemProxy */ = {
			isa = PBXContainerItemProxy;
			containerPortal = 2FBBB64D2945531500BBB072 /* Project object */;
			proxyType = 1;
			remoteGlobalIDString = 0BDBC9C82C1D956E00F720F2;
			remoteInfo = "WatchCosmofy Watch App";
		};
/* End PBXContainerItemProxy section */

/* Begin PBXCopyFilesBuildPhase section */
		0BDBC9D72C1D957000F720F2 /* Embed Watch Content */ = {
			isa = PBXCopyFilesBuildPhase;
			buildActionMask = 2147483647;
			dstPath = "$(CONTENTS_FOLDER_PATH)/Watch";
			dstSubfolderSpec = 16;
			files = (
				0BDBC9D62C1D957000F720F2 /* Cosmofy.app in Embed Watch Content */,
			);
			name = "Embed Watch Content";
			runOnlyForDeploymentPostprocessing = 0;
		};
/* End PBXCopyFilesBuildPhase section */

/* Begin PBXFileReference section */
		0B00383A2B9F89E000DAD175 /* Tab.swift */ = {isa = PBXFileReference; lastKnownFileType = sourcecode.swift; path = Tab.swift; sourceTree = "<group>"; };
		0B00383C2B9F8B7900DAD175 /* PlanetsView.swift */ = {isa = PBXFileReference; lastKnownFileType = sourcecode.swift; path = PlanetsView.swift; sourceTree = "<group>"; };
		0B05E3F02BE98AFE007A116E /* RNNMaybach.swift */ = {isa = PBXFileReference; lastKnownFileType = sourcecode.swift; path = RNNMaybach.swift; sourceTree = "<group>"; };
		0B05E3F32BEA0676007A116E /* Event.swift */ = {isa = PBXFileReference; lastKnownFileType = sourcecode.swift; path = Event.swift; sourceTree = "<group>"; };
		0B05E3F52BEA07E8007A116E /* API_EONET.swift */ = {isa = PBXFileReference; lastKnownFileType = sourcecode.swift; path = API_EONET.swift; sourceTree = "<group>"; };
		0B161A682B9FF30B008F3D0F /* View+OffsetX.swift */ = {isa = PBXFileReference; lastKnownFileType = sourcecode.swift; path = "View+OffsetX.swift"; sourceTree = "<group>"; };
		0B161A6A2BA014DC008F3D0F /* View+TabMask.swift */ = {isa = PBXFileReference; lastKnownFileType = sourcecode.swift; path = "View+TabMask.swift"; sourceTree = "<group>"; };
		0B161A6C2BA02123008F3D0F /* Planet.swift */ = {isa = PBXFileReference; lastKnownFileType = sourcecode.swift; path = Planet.swift; sourceTree = "<group>"; };
		0B18962B2BBBCF6500BCC983 /* RoadMapView.swift */ = {isa = PBXFileReference; lastKnownFileType = sourcecode.swift; path = RoadMapView.swift; sourceTree = "<group>"; };
		0B1BAD502AE96FE7001CFC35 /* ci_scripts */ = {isa = PBXFileReference; lastKnownFileType = folder; path = ci_scripts; sourceTree = "<group>"; };
		0B1BAD562AE97736001CFC35 /* .gitignore */ = {isa = PBXFileReference; lastKnownFileType = text; path = .gitignore; sourceTree = "<group>"; };
		0B25FC922BFCD5DE00ED1EA3 /* ChangeLogView.swift */ = {isa = PBXFileReference; lastKnownFileType = sourcecode.swift; path = ChangeLogView.swift; sourceTree = "<group>"; };
		0B3EC2632BA4BAFE004491B7 /* ImageView.swift */ = {isa = PBXFileReference; lastKnownFileType = sourcecode.swift; path = ImageView.swift; sourceTree = "<group>"; };
		0B3EC2652BA4D16F004491B7 /* API_NASA.swift */ = {isa = PBXFileReference; lastKnownFileType = sourcecode.swift; path = API_NASA.swift; sourceTree = "<group>"; };
		0B40299B2BA4FEC1004B0F43 /* IOTD.swift */ = {isa = PBXFileReference; lastKnownFileType = sourcecode.swift; path = IOTD.swift; sourceTree = "<group>"; };
		0B4189A42BFF9485006E762C /* Launch Screen.storyboard */ = {isa = PBXFileReference; lastKnownFileType = file.storyboard; path = "Launch Screen.storyboard"; sourceTree = "<group>"; };
		0B5CC34D2BA2C84E00A7A55F /* ChartView.swift */ = {isa = PBXFileReference; lastKnownFileType = sourcecode.swift; path = ChartView.swift; sourceTree = "<group>"; };
		0B7671922AE47E22008E57B2 /* API_OPENAI.swift */ = {isa = PBXFileReference; lastKnownFileType = sourcecode.swift; path = API_OPENAI.swift; sourceTree = "<group>"; };
		0B7671962AE4C3FE008E57B2 /* Swift.swift */ = {isa = PBXFileReference; lastKnownFileType = sourcecode.swift; path = Swift.swift; sourceTree = "<group>"; };
		0B7D18BE2AE8A482009C2317 /* MessageRow.swift */ = {isa = PBXFileReference; lastKnownFileType = sourcecode.swift; path = MessageRow.swift; sourceTree = "<group>"; };
		0B7D18C72AE8AB97009C2317 /* MessageRowView.swift */ = {isa = PBXFileReference; lastKnownFileType = sourcecode.swift; path = MessageRowView.swift; sourceTree = "<group>"; };
		0B7D18CB2AE8B655009C2317 /* SwiftView.swift */ = {isa = PBXFileReference; lastKnownFileType = sourcecode.swift; path = SwiftView.swift; sourceTree = "<group>"; };
		0B8615A72BAF6580008CCD5F /* LoadingView.swift */ = {isa = PBXFileReference; lastKnownFileType = sourcecode.swift; path = LoadingView.swift; sourceTree = "<group>"; };
		0B923B6D2B9CBBEE009B8D45 /* TabBarView.swift */ = {isa = PBXFileReference; lastKnownFileType = sourcecode.swift; path = TabBarView.swift; sourceTree = "<group>"; };
		0B97AE2A2C200979003E96EB /* ImageView.swift */ = {isa = PBXFileReference; lastKnownFileType = sourcecode.swift; path = ImageView.swift; sourceTree = "<group>"; };
		0B97AE2C2C2009B3003E96EB /* PlanetsView.swift */ = {isa = PBXFileReference; lastKnownFileType = sourcecode.swift; path = PlanetsView.swift; sourceTree = "<group>"; };
		0B9F026F2B75E5B200CB5543 /* SF-Pro-Rounded-Heavy.otf */ = {isa = PBXFileReference; lastKnownFileType = file; path = "SF-Pro-Rounded-Heavy.otf"; sourceTree = "<group>"; };
		0B9F02702B75E5B200CB5543 /* SF-Pro-Rounded-Bold.otf */ = {isa = PBXFileReference; lastKnownFileType = file; path = "SF-Pro-Rounded-Bold.otf"; sourceTree = "<group>"; };
		0B9F02712B75E5B200CB5543 /* SF-Pro-Rounded-Semibold.otf */ = {isa = PBXFileReference; lastKnownFileType = file; path = "SF-Pro-Rounded-Semibold.otf"; sourceTree = "<group>"; };
		0B9F02722B75E5B200CB5543 /* SF-Pro-Rounded-Ultralight.otf */ = {isa = PBXFileReference; lastKnownFileType = file; path = "SF-Pro-Rounded-Ultralight.otf"; sourceTree = "<group>"; };
		0B9F02732B75E5B200CB5543 /* SF-Pro-Rounded-Black.otf */ = {isa = PBXFileReference; lastKnownFileType = file; path = "SF-Pro-Rounded-Black.otf"; sourceTree = "<group>"; };
		0B9F02742B75E5B200CB5543 /* SF-Pro-Rounded-Light.otf */ = {isa = PBXFileReference; lastKnownFileType = file; path = "SF-Pro-Rounded-Light.otf"; sourceTree = "<group>"; };
		0B9F02752B75E5B200CB5543 /* SF-Pro-Rounded-Thin.otf */ = {isa = PBXFileReference; lastKnownFileType = file; path = "SF-Pro-Rounded-Thin.otf"; sourceTree = "<group>"; };
		0B9F02762B75E5B200CB5543 /* SF-Pro-Rounded-Medium.otf */ = {isa = PBXFileReference; lastKnownFileType = file; path = "SF-Pro-Rounded-Medium.otf"; sourceTree = "<group>"; };
		0B9F02772B75E5B200CB5543 /* SF-Pro-Rounded-Regular.otf */ = {isa = PBXFileReference; lastKnownFileType = file; path = "SF-Pro-Rounded-Regular.otf"; sourceTree = "<group>"; };
		0BB14A422B9C2B1100476F3C /* CosmofyApp.swift */ = {isa = PBXFileReference; lastKnownFileType = sourcecode.swift; path = CosmofyApp.swift; sourceTree = "<group>"; };
		0BB14A462B9C2B5F00476F3C /* SplashScreen.swift */ = {isa = PBXFileReference; lastKnownFileType = sourcecode.swift; path = SplashScreen.swift; sourceTree = "<group>"; };
		0BB14A492B9C2CF000476F3C /* SplashScreenView.swift */ = {isa = PBXFileReference; lastKnownFileType = sourcecode.swift; path = SplashScreenView.swift; sourceTree = "<group>"; };
		0BB14A4C2B9C2EB000476F3C /* Color+Hex.swift */ = {isa = PBXFileReference; lastKnownFileType = sourcecode.swift; path = "Color+Hex.swift"; sourceTree = "<group>"; };
		0BB14A522B9C339800476F3C /* Card.swift */ = {isa = PBXFileReference; lastKnownFileType = sourcecode.swift; path = Card.swift; sourceTree = "<group>"; };
		0BBF4B9C2A6049F100A9DC4D /* Haptics.swift */ = {isa = PBXFileReference; lastKnownFileType = sourcecode.swift; path = Haptics.swift; sourceTree = "<group>"; };
		0BDBC9C92C1D956E00F720F2 /* Cosmofy.app */ = {isa = PBXFileReference; explicitFileType = wrapper.application; includeInIndex = 0; path = Cosmofy.app; sourceTree = BUILT_PRODUCTS_DIR; };
		0BDBC9CB2C1D956E00F720F2 /* WatchCosmofyApp.swift */ = {isa = PBXFileReference; lastKnownFileType = sourcecode.swift; path = WatchCosmofyApp.swift; sourceTree = "<group>"; };
		0BDBC9CD2C1D956E00F720F2 /* ContentView.swift */ = {isa = PBXFileReference; lastKnownFileType = sourcecode.swift; path = ContentView.swift; sourceTree = "<group>"; };
		0BDBC9CF2C1D957000F720F2 /* Assets.xcassets */ = {isa = PBXFileReference; lastKnownFileType = folder.assetcatalog; path = Assets.xcassets; sourceTree = "<group>"; };
		0BDBC9D22C1D957000F720F2 /* Preview Assets.xcassets */ = {isa = PBXFileReference; lastKnownFileType = folder.assetcatalog; path = "Preview Assets.xcassets"; sourceTree = "<group>"; };
		0BF2A4162BFBF24B007B3E4B /* GarenText.swift */ = {isa = PBXFileReference; lastKnownFileType = sourcecode.swift; path = GarenText.swift; sourceTree = "<group>"; };
		0BF2A4182BFBF78D007B3E4B /* SF-Mono-SemiboldItalic.otf */ = {isa = PBXFileReference; lastKnownFileType = file; path = "SF-Mono-SemiboldItalic.otf"; sourceTree = "<group>"; };
		0BF2A4192BFBF78E007B3E4B /* SF-Mono-Bold.otf */ = {isa = PBXFileReference; lastKnownFileType = file; path = "SF-Mono-Bold.otf"; sourceTree = "<group>"; };
		0BF2A41A2BFBF78E007B3E4B /* SF-Mono-HeavyItalic.otf */ = {isa = PBXFileReference; lastKnownFileType = file; path = "SF-Mono-HeavyItalic.otf"; sourceTree = "<group>"; };
		0BF2A41B2BFBF78E007B3E4B /* SF-Mono-BoldItalic.otf */ = {isa = PBXFileReference; lastKnownFileType = file; path = "SF-Mono-BoldItalic.otf"; sourceTree = "<group>"; };
		0BF2A41C2BFBF78E007B3E4B /* SF-Mono-MediumItalic.otf */ = {isa = PBXFileReference; lastKnownFileType = file; path = "SF-Mono-MediumItalic.otf"; sourceTree = "<group>"; };
		0BF2A41D2BFBF78E007B3E4B /* SF-Mono-LightItalic.otf */ = {isa = PBXFileReference; lastKnownFileType = file; path = "SF-Mono-LightItalic.otf"; sourceTree = "<group>"; };
		0BF2A41E2BFBF78E007B3E4B /* SF-Mono-Regular.otf */ = {isa = PBXFileReference; lastKnownFileType = file; path = "SF-Mono-Regular.otf"; sourceTree = "<group>"; };
		0BF2A41F2BFBF78E007B3E4B /* SF-Mono-Heavy.otf */ = {isa = PBXFileReference; lastKnownFileType = file; path = "SF-Mono-Heavy.otf"; sourceTree = "<group>"; };
		0BF2A4202BFBF78E007B3E4B /* SF-Mono-RegularItalic.otf */ = {isa = PBXFileReference; lastKnownFileType = file; path = "SF-Mono-RegularItalic.otf"; sourceTree = "<group>"; };
		0BF2A4212BFBF78E007B3E4B /* SF-Mono-Medium.otf */ = {isa = PBXFileReference; lastKnownFileType = file; path = "SF-Mono-Medium.otf"; sourceTree = "<group>"; };
		0BF2A4222BFBF78E007B3E4B /* SF-Mono-Semibold.otf */ = {isa = PBXFileReference; lastKnownFileType = file; path = "SF-Mono-Semibold.otf"; sourceTree = "<group>"; };
		0BF2A4232BFBF78E007B3E4B /* SF-Mono-Light.otf */ = {isa = PBXFileReference; lastKnownFileType = file; path = "SF-Mono-Light.otf"; sourceTree = "<group>"; };
		0BFB21042B9CEB1400C84FD8 /* Home.swift */ = {isa = PBXFileReference; lastKnownFileType = sourcecode.swift; path = Home.swift; sourceTree = "<group>"; };
		0BFF74662B76FE0B0079A71A /* PlanetView.swift */ = {isa = PBXFileReference; lastKnownFileType = sourcecode.swift; path = PlanetView.swift; sourceTree = "<group>"; };
		2F4F8FC0295EBC5100F7EE98 /* StarsParticleSystem.scnp */ = {isa = PBXFileReference; lastKnownFileType = file.scp; path = StarsParticleSystem.scnp; sourceTree = "<group>"; };
		2F4F8FC1295EBC5100F7EE98 /* star.png */ = {isa = PBXFileReference; lastKnownFileType = image.png; path = star.png; sourceTree = "<group>"; };
		2F4F8FC4295EC08100F7EE98 /* PlanetNode.swift */ = {isa = PBXFileReference; lastKnownFileType = sourcecode.swift; path = PlanetNode.swift; sourceTree = "<group>"; };
		2F6427CF2A4FA4EF00CC503D /* Cosmofy.entitlements */ = {isa = PBXFileReference; lastKnownFileType = text.plist.entitlements; path = Cosmofy.entitlements; sourceTree = "<group>"; };
		2FBBB6552945531500BBB072 /* Cosmofy.app */ = {isa = PBXFileReference; explicitFileType = wrapper.application; includeInIndex = 0; path = Cosmofy.app; sourceTree = BUILT_PRODUCTS_DIR; };
		2FBBB6612945531700BBB072 /* Assets.xcassets */ = {isa = PBXFileReference; lastKnownFileType = folder.assetcatalog; path = Assets.xcassets; sourceTree = "<group>"; };
		2FBBB6662945531700BBB072 /* Info.plist */ = {isa = PBXFileReference; lastKnownFileType = text.plist.xml; path = Info.plist; sourceTree = "<group>"; };
/* End PBXFileReference section */

/* Begin PBXFrameworksBuildPhase section */
		0BDBC9C62C1D956E00F720F2 /* Frameworks */ = {
			isa = PBXFrameworksBuildPhase;
			buildActionMask = 2147483647;
			files = (
			);
			runOnlyForDeploymentPostprocessing = 0;
		};
		2FBBB6522945531500BBB072 /* Frameworks */ = {
			isa = PBXFrameworksBuildPhase;
			buildActionMask = 2147483647;
			files = (
				0B39A33C2C1D5799003159F9 /* MarkdownUI in Frameworks */,
			);
			runOnlyForDeploymentPostprocessing = 0;
		};
/* End PBXFrameworksBuildPhase section */

/* Begin PBXGroup section */
		0B05E3F22BEA063F007A116E /* TabEarthScope */ = {
			isa = PBXGroup;
			children = (
				0B05E3F32BEA0676007A116E /* Event.swift */,
			);
			path = TabEarthScope;
			sourceTree = "<group>";
		};
		0B3EC2672BA4D22D004491B7 /* ViewModels */ = {
			isa = PBXGroup;
			children = (
				0B7671922AE47E22008E57B2 /* API_OPENAI.swift */,
				0B3EC2652BA4D16F004491B7 /* API_NASA.swift */,
				0B05E3F52BEA07E8007A116E /* API_EONET.swift */,
			);
			path = ViewModels;
			sourceTree = "<group>";
		};
		0B8615962BAF4A64008CCD5F /* TabSwift */ = {
			isa = PBXGroup;
			children = (
				0B7D18BE2AE8A482009C2317 /* MessageRow.swift */,
				0B7671962AE4C3FE008E57B2 /* Swift.swift */,
			);
			path = TabSwift;
			sourceTree = "<group>";
		};
		0B8615972BAF4AAA008CCD5F /* TabSwift */ = {
			isa = PBXGroup;
			children = (
				0B7D18CB2AE8B655009C2317 /* SwiftView.swift */,
				0B8615A72BAF6580008CCD5F /* LoadingView.swift */,
				0B7D18C72AE8AB97009C2317 /* MessageRowView.swift */,
			);
			path = TabSwift;
			sourceTree = "<group>";
		};
		0B8615992BAF4AE0008CCD5F /* TabHome */ = {
			isa = PBXGroup;
			children = (
				0BFB21042B9CEB1400C84FD8 /* Home.swift */,
				0B25FC922BFCD5DE00ED1EA3 /* ChangeLogView.swift */,
				0B3EC2632BA4BAFE004491B7 /* ImageView.swift */,
			);
			path = TabHome;
			sourceTree = "<group>";
		};
		0B86159A2BAF4AEC008CCD5F /* TabPlanets */ = {
			isa = PBXGroup;
			children = (
				0B00383C2B9F8B7900DAD175 /* PlanetsView.swift */,
				0BFF74662B76FE0B0079A71A /* PlanetView.swift */,
				0B5CC34D2BA2C84E00A7A55F /* ChartView.swift */,
			);
			path = TabPlanets;
			sourceTree = "<group>";
		};
		0B9F026E2B75E56000CB5543 /* Fonts */ = {
			isa = PBXGroup;
			children = (
				0BF2A4192BFBF78E007B3E4B /* SF-Mono-Bold.otf */,
				0BF2A41B2BFBF78E007B3E4B /* SF-Mono-BoldItalic.otf */,
				0BF2A41F2BFBF78E007B3E4B /* SF-Mono-Heavy.otf */,
				0BF2A41A2BFBF78E007B3E4B /* SF-Mono-HeavyItalic.otf */,
				0BF2A4232BFBF78E007B3E4B /* SF-Mono-Light.otf */,
				0BF2A41D2BFBF78E007B3E4B /* SF-Mono-LightItalic.otf */,
				0BF2A4212BFBF78E007B3E4B /* SF-Mono-Medium.otf */,
				0BF2A41C2BFBF78E007B3E4B /* SF-Mono-MediumItalic.otf */,
				0BF2A41E2BFBF78E007B3E4B /* SF-Mono-Regular.otf */,
				0BF2A4202BFBF78E007B3E4B /* SF-Mono-RegularItalic.otf */,
				0BF2A4222BFBF78E007B3E4B /* SF-Mono-Semibold.otf */,
				0BF2A4182BFBF78D007B3E4B /* SF-Mono-SemiboldItalic.otf */,
				0B9F02732B75E5B200CB5543 /* SF-Pro-Rounded-Black.otf */,
				0B9F02702B75E5B200CB5543 /* SF-Pro-Rounded-Bold.otf */,
				0B9F026F2B75E5B200CB5543 /* SF-Pro-Rounded-Heavy.otf */,
				0B9F02742B75E5B200CB5543 /* SF-Pro-Rounded-Light.otf */,
				0B9F02762B75E5B200CB5543 /* SF-Pro-Rounded-Medium.otf */,
				0B9F02772B75E5B200CB5543 /* SF-Pro-Rounded-Regular.otf */,
				0B9F02712B75E5B200CB5543 /* SF-Pro-Rounded-Semibold.otf */,
				0B9F02752B75E5B200CB5543 /* SF-Pro-Rounded-Thin.otf */,
				0B9F02722B75E5B200CB5543 /* SF-Pro-Rounded-Ultralight.otf */,
			);
			path = Fonts;
			sourceTree = "<group>";
		};
		0BB14A482B9C2B6C00476F3C /* Views */ = {
			isa = PBXGroup;
			children = (
				0B8615992BAF4AE0008CCD5F /* TabHome */,
				0B86159A2BAF4AEC008CCD5F /* TabPlanets */,
				0B8615972BAF4AAA008CCD5F /* TabSwift */,
				0BB14A462B9C2B5F00476F3C /* SplashScreen.swift */,
				0BB14A492B9C2CF000476F3C /* SplashScreenView.swift */,
				0B923B6D2B9CBBEE009B8D45 /* TabBarView.swift */,
				0B18962B2BBBCF6500BCC983 /* RoadMapView.swift */,
				0B05E3F02BE98AFE007A116E /* RNNMaybach.swift */,
			);
			path = Views;
			sourceTree = "<group>";
		};
		0BB14A4B2B9C2E9300476F3C /* Extensions */ = {
			isa = PBXGroup;
			children = (
				0BB14A4C2B9C2EB000476F3C /* Color+Hex.swift */,
				0B161A682B9FF30B008F3D0F /* View+OffsetX.swift */,
				0B161A6A2BA014DC008F3D0F /* View+TabMask.swift */,
			);
			path = Extensions;
			sourceTree = "<group>";
		};
		0BB14A4E2B9C334F00476F3C /* Models */ = {
			isa = PBXGroup;
			children = (
				0B05E3F22BEA063F007A116E /* TabEarthScope */,
				0BB14A4F2B9C335700476F3C /* TabHome */,
				0BB14A512B9C336E00476F3C /* TabPlanets */,
				0B8615962BAF4A64008CCD5F /* TabSwift */,
			);
			path = Models;
			sourceTree = "<group>";
		};
		0BB14A4F2B9C335700476F3C /* TabHome */ = {
			isa = PBXGroup;
			children = (
				0BB14A522B9C339800476F3C /* Card.swift */,
				0B40299B2BA4FEC1004B0F43 /* IOTD.swift */,
			);
			path = TabHome;
			sourceTree = "<group>";
		};
		0BB14A512B9C336E00476F3C /* TabPlanets */ = {
			isa = PBXGroup;
			children = (
				0B00383A2B9F89E000DAD175 /* Tab.swift */,
				0B161A6C2BA02123008F3D0F /* Planet.swift */,
			);
			path = TabPlanets;
			sourceTree = "<group>";
		};
		0BDBC9CA2C1D956E00F720F2 /* WatchCosmofy Watch App */ = {
			isa = PBXGroup;
			children = (
				0BDBC9CB2C1D956E00F720F2 /* WatchCosmofyApp.swift */,
				0BDBC9CD2C1D956E00F720F2 /* ContentView.swift */,
				0B97AE2C2C2009B3003E96EB /* PlanetsView.swift */,
				0B97AE2A2C200979003E96EB /* ImageView.swift */,
				0BDBC9CF2C1D957000F720F2 /* Assets.xcassets */,
				0BDBC9D12C1D957000F720F2 /* Preview Content */,
			);
			path = "WatchCosmofy Watch App";
			sourceTree = "<group>";
		};
		0BDBC9D12C1D957000F720F2 /* Preview Content */ = {
			isa = PBXGroup;
			children = (
				0BDBC9D22C1D957000F720F2 /* Preview Assets.xcassets */,
			);
			path = "Preview Content";
			sourceTree = "<group>";
		};
		0BF2A4152BFBEEFC007B3E4B /* Helpers */ = {
			isa = PBXGroup;
			children = (
				2F4F8FC4295EC08100F7EE98 /* PlanetNode.swift */,
				2F4F8FC0295EBC5100F7EE98 /* StarsParticleSystem.scnp */,
				2F4F8FC1295EBC5100F7EE98 /* star.png */,
				0BBF4B9C2A6049F100A9DC4D /* Haptics.swift */,
				0BF2A4162BFBF24B007B3E4B /* GarenText.swift */,
			);
			path = Helpers;
			sourceTree = "<group>";
		};
		2FBBB64C2945531500BBB072 = {
			isa = PBXGroup;
			children = (
				0B1BAD562AE97736001CFC35 /* .gitignore */,
				0B1BAD502AE96FE7001CFC35 /* ci_scripts */,
				2FBBB6572945531500BBB072 /* Cosmofy */,
				0BDBC9CA2C1D956E00F720F2 /* WatchCosmofy Watch App */,
				2FBBB6562945531500BBB072 /* Products */,
			);
			sourceTree = "<group>";
		};
		2FBBB6562945531500BBB072 /* Products */ = {
			isa = PBXGroup;
			children = (
				2FBBB6552945531500BBB072 /* Cosmofy.app */,
				0BDBC9C92C1D956E00F720F2 /* Cosmofy.app */,
			);
			name = Products;
			sourceTree = "<group>";
		};
		2FBBB6572945531500BBB072 /* Cosmofy */ = {
			isa = PBXGroup;
			children = (
				0B3EC2672BA4D22D004491B7 /* ViewModels */,
				0BF2A4152BFBEEFC007B3E4B /* Helpers */,
				0BB14A4E2B9C334F00476F3C /* Models */,
				0BB14A482B9C2B6C00476F3C /* Views */,
				0BB14A4B2B9C2E9300476F3C /* Extensions */,
				0B9F026E2B75E56000CB5543 /* Fonts */,
				2F6427CF2A4FA4EF00CC503D /* Cosmofy.entitlements */,
				2FBBB6612945531700BBB072 /* Assets.xcassets */,
				2FBBB6662945531700BBB072 /* Info.plist */,
				0BB14A422B9C2B1100476F3C /* CosmofyApp.swift */,
				0B4189A42BFF9485006E762C /* Launch Screen.storyboard */,
			);
			path = Cosmofy;
			sourceTree = "<group>";
		};
/* End PBXGroup section */

/* Begin PBXNativeTarget section */
		0BDBC9C82C1D956E00F720F2 /* WatchCosmofy Watch App */ = {
			isa = PBXNativeTarget;
			buildConfigurationList = 0BDBC9DA2C1D957000F720F2 /* Build configuration list for PBXNativeTarget "WatchCosmofy Watch App" */;
			buildPhases = (
				0BDBC9C52C1D956E00F720F2 /* Sources */,
				0BDBC9C62C1D956E00F720F2 /* Frameworks */,
				0BDBC9C72C1D956E00F720F2 /* Resources */,
			);
			buildRules = (
			);
			dependencies = (
			);
			name = "WatchCosmofy Watch App";
			productName = "WatchCosmofy Watch App";
			productReference = 0BDBC9C92C1D956E00F720F2 /* Cosmofy.app */;
			productType = "com.apple.product-type.application";
		};
		2FBBB6542945531500BBB072 /* Cosmofy */ = {
			isa = PBXNativeTarget;
			buildConfigurationList = 2FBBB6692945531700BBB072 /* Build configuration list for PBXNativeTarget "Cosmofy" */;
			buildPhases = (
				2FBBB6512945531500BBB072 /* Sources */,
				2FBBB6522945531500BBB072 /* Frameworks */,
				2FBBB6532945531500BBB072 /* Resources */,
				0BDBC9D72C1D957000F720F2 /* Embed Watch Content */,
			);
			buildRules = (
			);
			dependencies = (
				0BDBC9D52C1D957000F720F2 /* PBXTargetDependency */,
			);
			name = Cosmofy;
			packageProductDependencies = (
				0B39A33B2C1D5799003159F9 /* MarkdownUI */,
			);
			productName = Spacefy;
			productReference = 2FBBB6552945531500BBB072 /* Cosmofy.app */;
			productType = "com.apple.product-type.application";
		};
/* End PBXNativeTarget section */

/* Begin PBXProject section */
		2FBBB64D2945531500BBB072 /* Project object */ = {
			isa = PBXProject;
			attributes = {
				BuildIndependentTargetsInParallel = 1;
				LastSwiftUpdateCheck = 1540;
				LastUpgradeCheck = 1500;
				TargetAttributes = {
					0BDBC9C82C1D956E00F720F2 = {
						CreatedOnToolsVersion = 15.4;
					};
					2FBBB6542945531500BBB072 = {
						CreatedOnToolsVersion = 14.1;
					};
				};
			};
			buildConfigurationList = 2FBBB6502945531500BBB072 /* Build configuration list for PBXProject "Cosmofy" */;
			compatibilityVersion = "Xcode 15.0";
			developmentRegion = en;
			hasScannedForEncodings = 0;
			knownRegions = (
				en,
				Base,
			);
			mainGroup = 2FBBB64C2945531500BBB072;
			packageReferences = (
				0B39A33A2C1D5799003159F9 /* XCRemoteSwiftPackageReference "swift-markdown-ui" */,
			);
			productRefGroup = 2FBBB6562945531500BBB072 /* Products */;
			projectDirPath = "";
			projectRoot = "";
			targets = (
				2FBBB6542945531500BBB072 /* Cosmofy */,
				0BDBC9C82C1D956E00F720F2 /* WatchCosmofy Watch App */,
			);
		};
/* End PBXProject section */

/* Begin PBXResourcesBuildPhase section */
		0BDBC9C72C1D956E00F720F2 /* Resources */ = {
			isa = PBXResourcesBuildPhase;
			buildActionMask = 2147483647;
			files = (
				0BDBC9D32C1D957000F720F2 /* Preview Assets.xcassets in Resources */,
				0B298B922C1DB03B0044364E /* Assets.xcassets in Resources */,
				0BDBC9D02C1D957000F720F2 /* Assets.xcassets in Resources */,
			);
			runOnlyForDeploymentPostprocessing = 0;
		};
		2FBBB6532945531500BBB072 /* Resources */ = {
			isa = PBXResourcesBuildPhase;
			buildActionMask = 2147483647;
			files = (
				0BF2A4282BFBF935007B3E4B /* SF-Mono-RegularItalic.otf in Resources */,
				0B9F027D2B75E5B200CB5543 /* SF-Pro-Rounded-Light.otf in Resources */,
				0BF2A42A2BFBF935007B3E4B /* SF-Mono-BoldItalic.otf in Resources */,
				0B4189A52BFF9485006E762C /* Launch Screen.storyboard in Resources */,
				0B9F027E2B75E5B200CB5543 /* SF-Pro-Rounded-Thin.otf in Resources */,
				0B1BAD572AE97736001CFC35 /* .gitignore in Resources */,
				0BF2A42C2BFBF935007B3E4B /* SF-Mono-HeavyItalic.otf in Resources */,
				0B9F027C2B75E5B200CB5543 /* SF-Pro-Rounded-Black.otf in Resources */,
				0BF2A4272BFBF935007B3E4B /* SF-Mono-Medium.otf in Resources */,
				0BF2A42B2BFBF935007B3E4B /* SF-Mono-Bold.otf in Resources */,
				0B9F02802B75E5B200CB5543 /* SF-Pro-Rounded-Regular.otf in Resources */,
				0BF2A4252BFBF935007B3E4B /* SF-Mono-LightItalic.otf in Resources */,
				2F4F8FC3295EBC5100F7EE98 /* star.png in Resources */,
				0B9F027F2B75E5B200CB5543 /* SF-Pro-Rounded-Medium.otf in Resources */,
				0B9F027B2B75E5B200CB5543 /* SF-Pro-Rounded-Ultralight.otf in Resources */,
				0BF2A4242BFBF935007B3E4B /* SF-Mono-Regular.otf in Resources */,
				2F4F8FC2295EBC5100F7EE98 /* StarsParticleSystem.scnp in Resources */,
				0BF2A4262BFBF935007B3E4B /* SF-Mono-Heavy.otf in Resources */,
				0B1BAD512AE96FE7001CFC35 /* ci_scripts in Resources */,
				2FBBB6622945531700BBB072 /* Assets.xcassets in Resources */,
				0B9F02792B75E5B200CB5543 /* SF-Pro-Rounded-Bold.otf in Resources */,
				0B9F02782B75E5B200CB5543 /* SF-Pro-Rounded-Heavy.otf in Resources */,
				0BF2A42D2BFBF935007B3E4B /* SF-Mono-SemiboldItalic.otf in Resources */,
				0BF2A4292BFBF935007B3E4B /* SF-Mono-Semibold.otf in Resources */,
				0BF2A42F2BFBF935007B3E4B /* SF-Mono-MediumItalic.otf in Resources */,
				0BF2A42E2BFBF935007B3E4B /* SF-Mono-Light.otf in Resources */,
				0B9F027A2B75E5B200CB5543 /* SF-Pro-Rounded-Semibold.otf in Resources */,
			);
			runOnlyForDeploymentPostprocessing = 0;
		};
/* End PBXResourcesBuildPhase section */

/* Begin PBXSourcesBuildPhase section */
		0BDBC9C52C1D956E00F720F2 /* Sources */ = {
			isa = PBXSourcesBuildPhase;
			buildActionMask = 2147483647;
			files = (
				0B97AE2B2C200979003E96EB /* ImageView.swift in Sources */,
				0B97AE272C1FF32E003E96EB /* SplashScreen.swift in Sources */,
				0BDBC9CE2C1D956E00F720F2 /* ContentView.swift in Sources */,
				0B97AE222C1E9078003E96EB /* API_NASA.swift in Sources */,
				0BDBC9E02C1DA46A00F720F2 /* SplashScreenView.swift in Sources */,
				0B97AE2D2C2009B3003E96EB /* PlanetsView.swift in Sources */,
				0BDBC9DD2C1D95CB00F720F2 /* Planet.swift in Sources */,
				0B97AE292C2006C1003E96EB /* WatchCosmofyApp.swift in Sources */,
				0B97AE232C1E90CA003E96EB /* IOTD.swift in Sources */,
				0BDBC9E12C1DA48000F720F2 /* Color+Hex.swift in Sources */,
			);
			runOnlyForDeploymentPostprocessing = 0;
		};
		2FBBB6512945531500BBB072 /* Sources */ = {
			isa = PBXSourcesBuildPhase;
			buildActionMask = 2147483647;
			files = (
				0B161A6D2BA02123008F3D0F /* Planet.swift in Sources */,
				0BFF74672B76FE0B0079A71A /* PlanetView.swift in Sources */,
				0B05E3F12BE98AFE007A116E /* RNNMaybach.swift in Sources */,
				0B7D18CC2AE8B655009C2317 /* SwiftView.swift in Sources */,
				0B05E3F42BEA0676007A116E /* Event.swift in Sources */,
				0BFB21052B9CEB1400C84FD8 /* Home.swift in Sources */,
				0BB14A432B9C2B1100476F3C /* CosmofyApp.swift in Sources */,
				0B00383D2B9F8B7900DAD175 /* PlanetsView.swift in Sources */,
				0B3EC2662BA4D16F004491B7 /* API_NASA.swift in Sources */,
				0B40299C2BA4FEC1004B0F43 /* IOTD.swift in Sources */,
				0BB14A472B9C2B5F00476F3C /* SplashScreen.swift in Sources */,
				0B3EC2642BA4BAFE004491B7 /* ImageView.swift in Sources */,
				0BF2A4172BFBF24B007B3E4B /* GarenText.swift in Sources */,
				0B161A6B2BA014DC008F3D0F /* View+TabMask.swift in Sources */,
				0B923B6E2B9CBBEE009B8D45 /* TabBarView.swift in Sources */,
				0BB14A4A2B9C2CF000476F3C /* SplashScreenView.swift in Sources */,
				0B00383B2B9F89E100DAD175 /* Tab.swift in Sources */,
				0B05E3F62BEA07E8007A116E /* API_EONET.swift in Sources */,
				0B7671932AE47E22008E57B2 /* API_OPENAI.swift in Sources */,
				0BB14A532B9C339800476F3C /* Card.swift in Sources */,
				0B7D18C82AE8AB97009C2317 /* MessageRowView.swift in Sources */,
				0BB14A4D2B9C2EB000476F3C /* Color+Hex.swift in Sources */,
				0B161A692B9FF30B008F3D0F /* View+OffsetX.swift in Sources */,
				0B7D18BF2AE8A482009C2317 /* MessageRow.swift in Sources */,
				0BBF4B9D2A6049F100A9DC4D /* Haptics.swift in Sources */,
				0B18962C2BBBCF6500BCC983 /* RoadMapView.swift in Sources */,
				0B7671972AE4C3FE008E57B2 /* Swift.swift in Sources */,
				0B5CC34E2BA2C84E00A7A55F /* ChartView.swift in Sources */,
				2F4F8FC5295EC08100F7EE98 /* PlanetNode.swift in Sources */,
				0B25FC932BFCD5DE00ED1EA3 /* ChangeLogView.swift in Sources */,
				0B8615A82BAF6580008CCD5F /* LoadingView.swift in Sources */,
			);
			runOnlyForDeploymentPostprocessing = 0;
		};
/* End PBXSourcesBuildPhase section */

/* Begin PBXTargetDependency section */
		0BDBC9D52C1D957000F720F2 /* PBXTargetDependency */ = {
			isa = PBXTargetDependency;
			target = 0BDBC9C82C1D956E00F720F2 /* WatchCosmofy Watch App */;
			targetProxy = 0BDBC9D42C1D957000F720F2 /* PBXContainerItemProxy */;
		};
/* End PBXTargetDependency section */

/* Begin XCBuildConfiguration section */
		0BDBC9D82C1D957000F720F2 /* Debug */ = {
			isa = XCBuildConfiguration;
			buildSettings = {
				ASSETCATALOG_COMPILER_APPICON_NAME = AppIcon;
				ASSETCATALOG_COMPILER_GLOBAL_ACCENT_COLOR_NAME = AccentColor;
				CODE_SIGN_STYLE = Automatic;
				CURRENT_PROJECT_VERSION = 1;
				DEVELOPMENT_ASSET_PATHS = "\"WatchCosmofy Watch App/Preview Content\"";
				DEVELOPMENT_TEAM = 6C6Q6AQ2V8;
				ENABLE_PREVIEWS = YES;
				GCC_C_LANGUAGE_STANDARD = gnu17;
				GENERATE_INFOPLIST_FILE = YES;
				INFOPLIST_FILE = "WatchCosmofy-Watch-App-Info.plist";
				INFOPLIST_KEY_UISupportedInterfaceOrientations = "UIInterfaceOrientationPortrait UIInterfaceOrientationPortraitUpsideDown";
				INFOPLIST_KEY_WKCompanionAppBundleIdentifier = com.snape447.Cosmofy;
				INFOPLIST_KEY_WKRunsIndependentlyOfCompanionApp = YES;
				LD_RUNPATH_SEARCH_PATHS = (
					"$(inherited)",
					"@executable_path/Frameworks",
				);
				LOCALIZATION_PREFERS_STRING_CATALOGS = YES;
				MARKETING_VERSION = 1.2;
				PRODUCT_BUNDLE_IDENTIFIER = com.snape447.Cosmofy.watchkitapp;
				PRODUCT_NAME = Cosmofy;
				SDKROOT = watchos;
				SKIP_INSTALL = YES;
				SWIFT_ACTIVE_COMPILATION_CONDITIONS = "DEBUG $(inherited)";
				SWIFT_EMIT_LOC_STRINGS = YES;
				SWIFT_VERSION = 5.0;
				TARGETED_DEVICE_FAMILY = 4;
				WATCHOS_DEPLOYMENT_TARGET = 10.0;
			};
			name = Debug;
		};
		0BDBC9D92C1D957000F720F2 /* Release */ = {
			isa = XCBuildConfiguration;
			buildSettings = {
				ASSETCATALOG_COMPILER_APPICON_NAME = AppIcon;
				ASSETCATALOG_COMPILER_GLOBAL_ACCENT_COLOR_NAME = AccentColor;
				CODE_SIGN_STYLE = Automatic;
				CURRENT_PROJECT_VERSION = 1;
				DEVELOPMENT_ASSET_PATHS = "\"WatchCosmofy Watch App/Preview Content\"";
				DEVELOPMENT_TEAM = 6C6Q6AQ2V8;
				ENABLE_PREVIEWS = YES;
				GCC_C_LANGUAGE_STANDARD = gnu17;
				GENERATE_INFOPLIST_FILE = YES;
				INFOPLIST_FILE = "WatchCosmofy-Watch-App-Info.plist";
				INFOPLIST_KEY_UISupportedInterfaceOrientations = "UIInterfaceOrientationPortrait UIInterfaceOrientationPortraitUpsideDown";
				INFOPLIST_KEY_WKCompanionAppBundleIdentifier = com.snape447.Cosmofy;
				INFOPLIST_KEY_WKRunsIndependentlyOfCompanionApp = YES;
				LD_RUNPATH_SEARCH_PATHS = (
					"$(inherited)",
					"@executable_path/Frameworks",
				);
				LOCALIZATION_PREFERS_STRING_CATALOGS = YES;
				MARKETING_VERSION = 1.2;
				PRODUCT_BUNDLE_IDENTIFIER = com.snape447.Cosmofy.watchkitapp;
				PRODUCT_NAME = Cosmofy;
				SDKROOT = watchos;
				SKIP_INSTALL = YES;
				SWIFT_EMIT_LOC_STRINGS = YES;
				SWIFT_VERSION = 5.0;
				TARGETED_DEVICE_FAMILY = 4;
				WATCHOS_DEPLOYMENT_TARGET = 10.0;
			};
			name = Release;
		};
		2FBBB6672945531700BBB072 /* Debug */ = {
			isa = XCBuildConfiguration;
			buildSettings = {
				ALWAYS_SEARCH_USER_PATHS = NO;
				ASSETCATALOG_COMPILER_GENERATE_SWIFT_ASSET_SYMBOL_EXTENSIONS = YES;
				CLANG_ANALYZER_NONNULL = YES;
				CLANG_ANALYZER_NUMBER_OBJECT_CONVERSION = YES_AGGRESSIVE;
				CLANG_CXX_LANGUAGE_STANDARD = "gnu++20";
				CLANG_ENABLE_MODULES = YES;
				CLANG_ENABLE_OBJC_ARC = YES;
				CLANG_ENABLE_OBJC_WEAK = YES;
				CLANG_WARN_BLOCK_CAPTURE_AUTORELEASING = YES;
				CLANG_WARN_BOOL_CONVERSION = YES;
				CLANG_WARN_COMMA = YES;
				CLANG_WARN_CONSTANT_CONVERSION = YES;
				CLANG_WARN_DEPRECATED_OBJC_IMPLEMENTATIONS = YES;
				CLANG_WARN_DIRECT_OBJC_ISA_USAGE = YES_ERROR;
				CLANG_WARN_DOCUMENTATION_COMMENTS = YES;
				CLANG_WARN_EMPTY_BODY = YES;
				CLANG_WARN_ENUM_CONVERSION = YES;
				CLANG_WARN_INFINITE_RECURSION = YES;
				CLANG_WARN_INT_CONVERSION = YES;
				CLANG_WARN_NON_LITERAL_NULL_CONVERSION = YES;
				CLANG_WARN_OBJC_IMPLICIT_RETAIN_SELF = YES;
				CLANG_WARN_OBJC_LITERAL_CONVERSION = YES;
				CLANG_WARN_OBJC_ROOT_CLASS = YES_ERROR;
				CLANG_WARN_QUOTED_INCLUDE_IN_FRAMEWORK_HEADER = YES;
				CLANG_WARN_RANGE_LOOP_ANALYSIS = YES;
				CLANG_WARN_STRICT_PROTOTYPES = YES;
				CLANG_WARN_SUSPICIOUS_MOVE = YES;
				CLANG_WARN_UNGUARDED_AVAILABILITY = YES_AGGRESSIVE;
				CLANG_WARN_UNREACHABLE_CODE = YES;
				CLANG_WARN__DUPLICATE_METHOD_MATCH = YES;
				COPY_PHASE_STRIP = NO;
				DEBUG_INFORMATION_FORMAT = dwarf;
				ENABLE_STRICT_OBJC_MSGSEND = YES;
				ENABLE_TESTABILITY = YES;
				ENABLE_USER_SCRIPT_SANDBOXING = YES;
				GCC_C_LANGUAGE_STANDARD = gnu11;
				GCC_DYNAMIC_NO_PIC = NO;
				GCC_NO_COMMON_BLOCKS = YES;
				GCC_OPTIMIZATION_LEVEL = 0;
				GCC_PREPROCESSOR_DEFINITIONS = (
					"DEBUG=1",
					"$(inherited)",
				);
				GCC_WARN_64_TO_32_BIT_CONVERSION = YES;
				GCC_WARN_ABOUT_RETURN_TYPE = YES_ERROR;
				GCC_WARN_UNDECLARED_SELECTOR = YES;
				GCC_WARN_UNINITIALIZED_AUTOS = YES_AGGRESSIVE;
				GCC_WARN_UNUSED_FUNCTION = YES;
				GCC_WARN_UNUSED_VARIABLE = YES;
				IPHONEOS_DEPLOYMENT_TARGET = 16.1;
				MTL_ENABLE_DEBUG_INFO = INCLUDE_SOURCE;
				MTL_FAST_MATH = YES;
				ONLY_ACTIVE_ARCH = YES;
				SDKROOT = iphoneos;
				SWIFT_ACTIVE_COMPILATION_CONDITIONS = DEBUG;
				SWIFT_OPTIMIZATION_LEVEL = "-Onone";
			};
			name = Debug;
		};
		2FBBB6682945531700BBB072 /* Release */ = {
			isa = XCBuildConfiguration;
			buildSettings = {
				ALWAYS_SEARCH_USER_PATHS = NO;
				ASSETCATALOG_COMPILER_GENERATE_SWIFT_ASSET_SYMBOL_EXTENSIONS = YES;
				CLANG_ANALYZER_NONNULL = YES;
				CLANG_ANALYZER_NUMBER_OBJECT_CONVERSION = YES_AGGRESSIVE;
				CLANG_CXX_LANGUAGE_STANDARD = "gnu++20";
				CLANG_ENABLE_MODULES = YES;
				CLANG_ENABLE_OBJC_ARC = YES;
				CLANG_ENABLE_OBJC_WEAK = YES;
				CLANG_WARN_BLOCK_CAPTURE_AUTORELEASING = YES;
				CLANG_WARN_BOOL_CONVERSION = YES;
				CLANG_WARN_COMMA = YES;
				CLANG_WARN_CONSTANT_CONVERSION = YES;
				CLANG_WARN_DEPRECATED_OBJC_IMPLEMENTATIONS = YES;
				CLANG_WARN_DIRECT_OBJC_ISA_USAGE = YES_ERROR;
				CLANG_WARN_DOCUMENTATION_COMMENTS = YES;
				CLANG_WARN_EMPTY_BODY = YES;
				CLANG_WARN_ENUM_CONVERSION = YES;
				CLANG_WARN_INFINITE_RECURSION = YES;
				CLANG_WARN_INT_CONVERSION = YES;
				CLANG_WARN_NON_LITERAL_NULL_CONVERSION = YES;
				CLANG_WARN_OBJC_IMPLICIT_RETAIN_SELF = YES;
				CLANG_WARN_OBJC_LITERAL_CONVERSION = YES;
				CLANG_WARN_OBJC_ROOT_CLASS = YES_ERROR;
				CLANG_WARN_QUOTED_INCLUDE_IN_FRAMEWORK_HEADER = YES;
				CLANG_WARN_RANGE_LOOP_ANALYSIS = YES;
				CLANG_WARN_STRICT_PROTOTYPES = YES;
				CLANG_WARN_SUSPICIOUS_MOVE = YES;
				CLANG_WARN_UNGUARDED_AVAILABILITY = YES_AGGRESSIVE;
				CLANG_WARN_UNREACHABLE_CODE = YES;
				CLANG_WARN__DUPLICATE_METHOD_MATCH = YES;
				COPY_PHASE_STRIP = NO;
				DEBUG_INFORMATION_FORMAT = "dwarf-with-dsym";
				ENABLE_NS_ASSERTIONS = NO;
				ENABLE_STRICT_OBJC_MSGSEND = YES;
				ENABLE_USER_SCRIPT_SANDBOXING = YES;
				GCC_C_LANGUAGE_STANDARD = gnu11;
				GCC_NO_COMMON_BLOCKS = YES;
				GCC_WARN_64_TO_32_BIT_CONVERSION = YES;
				GCC_WARN_ABOUT_RETURN_TYPE = YES_ERROR;
				GCC_WARN_UNDECLARED_SELECTOR = YES;
				GCC_WARN_UNINITIALIZED_AUTOS = YES_AGGRESSIVE;
				GCC_WARN_UNUSED_FUNCTION = YES;
				GCC_WARN_UNUSED_VARIABLE = YES;
				IPHONEOS_DEPLOYMENT_TARGET = 16.1;
				MTL_ENABLE_DEBUG_INFO = NO;
				MTL_FAST_MATH = YES;
				SDKROOT = iphoneos;
				SWIFT_COMPILATION_MODE = wholemodule;
				SWIFT_OPTIMIZATION_LEVEL = "-O";
				VALIDATE_PRODUCT = YES;
			};
			name = Release;
		};
		2FBBB66A2945531700BBB072 /* Debug */ = {
			isa = XCBuildConfiguration;
			buildSettings = {
				ALWAYS_EMBED_SWIFT_STANDARD_LIBRARIES = YES;
				ASSETCATALOG_COMPILER_APPICON_NAME = AppIcon;
				ASSETCATALOG_COMPILER_GLOBAL_ACCENT_COLOR_NAME = AccentColor;
				ASSETCATALOG_COMPILER_INCLUDE_ALL_APPICON_ASSETS = YES;
				CODE_SIGN_ENTITLEMENTS = Cosmofy/Cosmofy.entitlements;
				CODE_SIGN_STYLE = Automatic;
				CURRENT_PROJECT_VERSION = 1;
				DEVELOPMENT_TEAM = 6C6Q6AQ2V8;
				GENERATE_INFOPLIST_FILE = YES;
				INFOPLIST_FILE = Cosmofy/Info.plist;
				INFOPLIST_KEY_CFBundleDisplayName = Cosmofy;
				INFOPLIST_KEY_LSApplicationCategoryType = "public.app-category.entertainment";
				INFOPLIST_KEY_UIApplicationSupportsIndirectInputEvents = YES;
				INFOPLIST_KEY_UILaunchStoryboardName = "Launch Screen.storyboard";
				INFOPLIST_KEY_UIMainStoryboardFile = "";
				INFOPLIST_KEY_UIStatusBarHidden = YES;
				INFOPLIST_KEY_UIStatusBarStyle = "";
				INFOPLIST_KEY_UISupportedInterfaceOrientations = UIInterfaceOrientationPortrait;
				INFOPLIST_KEY_UISupportedInterfaceOrientations_iPad = "UIInterfaceOrientationLandscapeLeft UIInterfaceOrientationLandscapeRight UIInterfaceOrientationPortrait UIInterfaceOrientationPortraitUpsideDown";
				IPHONEOS_DEPLOYMENT_TARGET = 17.0;
				LD_RUNPATH_SEARCH_PATHS = (
					"$(inherited)",
					"@executable_path/Frameworks",
				);
				MARKETING_VERSION = 1.2;
				PRODUCT_BUNDLE_IDENTIFIER = com.snape447.Cosmofy;
				PRODUCT_NAME = "$(TARGET_NAME)";
				SUPPORTED_PLATFORMS = "iphoneos iphonesimulator";
				SUPPORTS_MACCATALYST = NO;
				SUPPORTS_MAC_DESIGNED_FOR_IPHONE_IPAD = YES;
				SWIFT_EMIT_LOC_STRINGS = YES;
				SWIFT_VERSION = 5.0;
				TARGETED_DEVICE_FAMILY = 1;
			};
			name = Debug;
		};
		2FBBB66B2945531700BBB072 /* Release */ = {
			isa = XCBuildConfiguration;
			buildSettings = {
				ALWAYS_EMBED_SWIFT_STANDARD_LIBRARIES = YES;
				ASSETCATALOG_COMPILER_APPICON_NAME = AppIcon;
				ASSETCATALOG_COMPILER_GLOBAL_ACCENT_COLOR_NAME = AccentColor;
				ASSETCATALOG_COMPILER_INCLUDE_ALL_APPICON_ASSETS = YES;
				CODE_SIGN_ENTITLEMENTS = Cosmofy/Cosmofy.entitlements;
				CODE_SIGN_STYLE = Automatic;
				CURRENT_PROJECT_VERSION = 1;
				DEVELOPMENT_TEAM = 6C6Q6AQ2V8;
				GENERATE_INFOPLIST_FILE = YES;
				INFOPLIST_FILE = Cosmofy/Info.plist;
				INFOPLIST_KEY_CFBundleDisplayName = Cosmofy;
				INFOPLIST_KEY_LSApplicationCategoryType = "public.app-category.entertainment";
				INFOPLIST_KEY_UIApplicationSupportsIndirectInputEvents = YES;
				INFOPLIST_KEY_UILaunchStoryboardName = "Launch Screen.storyboard";
				INFOPLIST_KEY_UIMainStoryboardFile = "";
				INFOPLIST_KEY_UIStatusBarHidden = YES;
				INFOPLIST_KEY_UIStatusBarStyle = "";
				INFOPLIST_KEY_UISupportedInterfaceOrientations = UIInterfaceOrientationPortrait;
				INFOPLIST_KEY_UISupportedInterfaceOrientations_iPad = "UIInterfaceOrientationLandscapeLeft UIInterfaceOrientationLandscapeRight UIInterfaceOrientationPortrait UIInterfaceOrientationPortraitUpsideDown";
				IPHONEOS_DEPLOYMENT_TARGET = 17.0;
				LD_RUNPATH_SEARCH_PATHS = (
					"$(inherited)",
					"@executable_path/Frameworks",
				);
				MARKETING_VERSION = 1.2;
				PRODUCT_BUNDLE_IDENTIFIER = com.snape447.Cosmofy;
				PRODUCT_NAME = "$(TARGET_NAME)";
				SUPPORTED_PLATFORMS = "iphoneos iphonesimulator";
				SUPPORTS_MACCATALYST = NO;
				SUPPORTS_MAC_DESIGNED_FOR_IPHONE_IPAD = YES;
				SWIFT_EMIT_LOC_STRINGS = YES;
				SWIFT_VERSION = 5.0;
				TARGETED_DEVICE_FAMILY = 1;
			};
			name = Release;
		};
/* End XCBuildConfiguration section */

/* Begin XCConfigurationList section */
		0BDBC9DA2C1D957000F720F2 /* Build configuration list for PBXNativeTarget "WatchCosmofy Watch App" */ = {
			isa = XCConfigurationList;
			buildConfigurations = (
				0BDBC9D82C1D957000F720F2 /* Debug */,
				0BDBC9D92C1D957000F720F2 /* Release */,
			);
			defaultConfigurationIsVisible = 0;
			defaultConfigurationName = Release;
		};
		2FBBB6502945531500BBB072 /* Build configuration list for PBXProject "Cosmofy" */ = {
			isa = XCConfigurationList;
			buildConfigurations = (
				2FBBB6672945531700BBB072 /* Debug */,
				2FBBB6682945531700BBB072 /* Release */,
			);
			defaultConfigurationIsVisible = 0;
			defaultConfigurationName = Release;
		};
		2FBBB6692945531700BBB072 /* Build configuration list for PBXNativeTarget "Cosmofy" */ = {
			isa = XCConfigurationList;
			buildConfigurations = (
				2FBBB66A2945531700BBB072 /* Debug */,
				2FBBB66B2945531700BBB072 /* Release */,
			);
			defaultConfigurationIsVisible = 0;
			defaultConfigurationName = Release;
		};
/* End XCConfigurationList section */

/* Begin XCRemoteSwiftPackageReference section */
		0B39A33A2C1D5799003159F9 /* XCRemoteSwiftPackageReference "swift-markdown-ui" */ = {
			isa = XCRemoteSwiftPackageReference;
			repositoryURL = "https://github.com/gonzalezreal/swift-markdown-ui";
			requirement = {
				kind = upToNextMajorVersion;
				minimumVersion = 2.3.0;
			};
		};
/* End XCRemoteSwiftPackageReference section */

/* Begin XCSwiftPackageProductDependency section */
		0B39A33B2C1D5799003159F9 /* MarkdownUI */ = {
			isa = XCSwiftPackageProductDependency;
			package = 0B39A33A2C1D5799003159F9 /* XCRemoteSwiftPackageReference "swift-markdown-ui" */;
			productName = MarkdownUI;
		};
/* End XCSwiftPackageProductDependency section */
	};
	rootObject = 2FBBB64D2945531500BBB072 /* Project object */;
}
