// !$*UTF8*$!
{
	archiveVersion = 1;
	classes = {
	};
	objectVersion = 60;
	objects = {

/* Begin PBXBuildFile section */
		0B1BAD512AE96FE7001CFC35 /* ci_scripts in Resources */ = {isa = PBXBuildFile; fileRef = 0B1BAD502AE96FE7001CFC35 /* ci_scripts */; };
		0B1BAD572AE97736001CFC35 /* .gitignore in Resources */ = {isa = PBXBuildFile; fileRef = 0B1BAD562AE97736001CFC35 /* .gitignore */; };
		0B294B5B2A8FB34400E755B3 /* MarsViewController.swift in Sources */ = {isa = PBXBuildFile; fileRef = 0B294B5A2A8FB34400E755B3 /* MarsViewController.swift */; };
		0B294B5D2A8FB46400E755B3 /* MarsCell.swift in Sources */ = {isa = PBXBuildFile; fileRef = 0B294B5C2A8FB46400E755B3 /* MarsCell.swift */; };
		0B3EF4292AFC51EE00F0CECA /* Jupiter3D.swift in Sources */ = {isa = PBXBuildFile; fileRef = 0B3EF4282AFC51EE00F0CECA /* Jupiter3D.swift */; };
		0B4005682AF9970400D515EE /* Earth3D.swift in Sources */ = {isa = PBXBuildFile; fileRef = 0B4005672AF9970400D515EE /* Earth3D.swift */; };
		0B42A1912B22B1B0007F3B57 /* NewsViewController.swift in Sources */ = {isa = PBXBuildFile; fileRef = 0B42A1902B22B1B0007F3B57 /* NewsViewController.swift */; };
		0B4573522B408ED400E8E6FF /* Tips.swift in Sources */ = {isa = PBXBuildFile; fileRef = 0B4573512B408ED400E8E6FF /* Tips.swift */; };
		0B6688272A84D1F300CD2B7E /* VenusViewController.swift in Sources */ = {isa = PBXBuildFile; fileRef = 0B6688262A84D1F300CD2B7E /* VenusViewController.swift */; };
		0B6688292A84D81600CD2B7E /* VenusCell.swift in Sources */ = {isa = PBXBuildFile; fileRef = 0B6688282A84D81600CD2B7E /* VenusCell.swift */; };
		0B7671932AE47E22008E57B2 /* API.swift in Sources */ = {isa = PBXBuildFile; fileRef = 0B7671922AE47E22008E57B2 /* API.swift */; };
		0B7671972AE4C3FE008E57B2 /* Models.swift in Sources */ = {isa = PBXBuildFile; fileRef = 0B7671962AE4C3FE008E57B2 /* Models.swift */; };
		0B7CDD932A875C29006307D1 /* TabBarController.swift in Sources */ = {isa = PBXBuildFile; fileRef = 0B7CDD922A875C29006307D1 /* TabBarController.swift */; };
		0B7D0C482AAD65EC003FB763 /* SwiftViewController.swift in Sources */ = {isa = PBXBuildFile; fileRef = 0B7D0C472AAD65EC003FB763 /* SwiftViewController.swift */; };
		0B7D18BF2AE8A482009C2317 /* MessageRow.swift in Sources */ = {isa = PBXBuildFile; fileRef = 0B7D18BE2AE8A482009C2317 /* MessageRow.swift */; };
		0B7D18C32AE8A526009C2317 /* ViewModel.swift in Sources */ = {isa = PBXBuildFile; fileRef = 0B7D18C22AE8A526009C2317 /* ViewModel.swift */; };
		0B7D18C62AE8A9DD009C2317 /* LoadingView.swift in Sources */ = {isa = PBXBuildFile; fileRef = 0B7D18C52AE8A9DD009C2317 /* LoadingView.swift */; };
		0B7D18C82AE8AB97009C2317 /* MessageRowView.swift in Sources */ = {isa = PBXBuildFile; fileRef = 0B7D18C72AE8AB97009C2317 /* MessageRowView.swift */; };
		0B7D18CC2AE8B655009C2317 /* ContentView.swift in Sources */ = {isa = PBXBuildFile; fileRef = 0B7D18CB2AE8B655009C2317 /* ContentView.swift */; };
		0B8BCDDF2AF9545600DB54CF /* Mars3D.swift in Sources */ = {isa = PBXBuildFile; fileRef = 0B8BCDDE2AF9545600DB54CF /* Mars3D.swift */; };
		0B9883682AFBF7800044C9A8 /* JupiterViewController.swift in Sources */ = {isa = PBXBuildFile; fileRef = 0B9883672AFBF7800044C9A8 /* JupiterViewController.swift */; };
		0B98836A2AFC0D490044C9A8 /* JupiterCell.swift in Sources */ = {isa = PBXBuildFile; fileRef = 0B9883692AFC0D490044C9A8 /* JupiterCell.swift */; };
		0BA285B12B24450100DDEE39 /* EarthAR.swift in Sources */ = {isa = PBXBuildFile; fileRef = 0BA285B02B24450100DDEE39 /* EarthAR.swift */; };
		0BBF4B9D2A6049F100A9DC4D /* Haptics.swift in Sources */ = {isa = PBXBuildFile; fileRef = 0BBF4B9C2A6049F100A9DC4D /* Haptics.swift */; };
		0BC1F2842A85151300600232 /* Venus3D.swift in Sources */ = {isa = PBXBuildFile; fileRef = 0BC1F2832A85151300600232 /* Venus3D.swift */; };
		0BC1F2862A8520E900600232 /* EarthViewController.swift in Sources */ = {isa = PBXBuildFile; fileRef = 0BC1F2852A8520E900600232 /* EarthViewController.swift */; };
		0BC1F2882A85216800600232 /* EarthCell.swift in Sources */ = {isa = PBXBuildFile; fileRef = 0BC1F2872A85216800600232 /* EarthCell.swift */; };
		0BC797B32A5DE66B005B9E45 /* SettingsViewController.swift in Sources */ = {isa = PBXBuildFile; fileRef = 0BC797B22A5DE66B005B9E45 /* SettingsViewController.swift */; };
		0BF8630C2AF1A58400379905 /* GradientView.swift in Sources */ = {isa = PBXBuildFile; fileRef = 0BF8630B2AF1A58400379905 /* GradientView.swift */; };
		2F073A132946BE4000F024B8 /* PlanetsViewController.swift in Sources */ = {isa = PBXBuildFile; fileRef = 2F073A122946BE4000F024B8 /* PlanetsViewController.swift */; };
		2F0ACC23295DBCB800B3D0DB /* Mercury3D.swift in Sources */ = {isa = PBXBuildFile; fileRef = 2F0ACC22295DBCB800B3D0DB /* Mercury3D.swift */; };
		2F0B04D22945A522001FAAE6 /* HomeViewController.swift in Sources */ = {isa = PBXBuildFile; fileRef = 2F0B04D12945A522001FAAE6 /* HomeViewController.swift */; };
		2F0B04D62945A576001FAAE6 /* HomeCollectionViewCell.swift in Sources */ = {isa = PBXBuildFile; fileRef = 2F0B04D52945A576001FAAE6 /* HomeCollectionViewCell.swift */; };
		2F4F8FC2295EBC5100F7EE98 /* StarsParticleSystem.scnp in Resources */ = {isa = PBXBuildFile; fileRef = 2F4F8FC0295EBC5100F7EE98 /* StarsParticleSystem.scnp */; };
		2F4F8FC3295EBC5100F7EE98 /* star.png in Resources */ = {isa = PBXBuildFile; fileRef = 2F4F8FC1295EBC5100F7EE98 /* star.png */; };
		2F4F8FC5295EC08100F7EE98 /* PlanetNode.swift in Sources */ = {isa = PBXBuildFile; fileRef = 2F4F8FC4295EC08100F7EE98 /* PlanetNode.swift */; };
		2F52B488297F209F00A92FF7 /* MercuryCell.swift in Sources */ = {isa = PBXBuildFile; fileRef = 2F52B487297F209F00A92FF7 /* MercuryCell.swift */; };
		2F542ED1297CF0110067C26B /* Pulse.swift in Sources */ = {isa = PBXBuildFile; fileRef = 2F542ED0297CF0110067C26B /* Pulse.swift */; };
		2F587A2B294D49490028225E /* MercuryViewController.swift in Sources */ = {isa = PBXBuildFile; fileRef = 2F587A2A294D49490028225E /* MercuryViewController.swift */; };
		2F7494EF2A5B35C4004C63B7 /* KeychainItem.swift in Sources */ = {isa = PBXBuildFile; fileRef = 2F7494EE2A5B35C4004C63B7 /* KeychainItem.swift */; };
		2FBBB6592945531500BBB072 /* AppDelegate.swift in Sources */ = {isa = PBXBuildFile; fileRef = 2FBBB6582945531500BBB072 /* AppDelegate.swift */; };
		2FBBB6602945531500BBB072 /* Main.storyboard in Resources */ = {isa = PBXBuildFile; fileRef = 2FBBB65E2945531500BBB072 /* Main.storyboard */; };
		2FBBB6622945531700BBB072 /* Assets.xcassets in Resources */ = {isa = PBXBuildFile; fileRef = 2FBBB6612945531700BBB072 /* Assets.xcassets */; };
		2FBBB6652945531700BBB072 /* LaunchScreen.storyboard in Resources */ = {isa = PBXBuildFile; fileRef = 2FBBB6632945531700BBB072 /* LaunchScreen.storyboard */; };
		2FDBA47C2A54F0A200598EC6 /* LoginViewController.swift in Sources */ = {isa = PBXBuildFile; fileRef = 2FDBA47B2A54F0A200598EC6 /* LoginViewController.swift */; };
/* End PBXBuildFile section */

/* Begin PBXFileReference section */
		0B1BAD502AE96FE7001CFC35 /* ci_scripts */ = {isa = PBXFileReference; lastKnownFileType = folder; path = ci_scripts; sourceTree = "<group>"; };
		0B1BAD562AE97736001CFC35 /* .gitignore */ = {isa = PBXFileReference; lastKnownFileType = text; path = .gitignore; sourceTree = "<group>"; };
		0B294B5A2A8FB34400E755B3 /* MarsViewController.swift */ = {isa = PBXFileReference; lastKnownFileType = sourcecode.swift; path = MarsViewController.swift; sourceTree = "<group>"; };
		0B294B5C2A8FB46400E755B3 /* MarsCell.swift */ = {isa = PBXFileReference; lastKnownFileType = sourcecode.swift; path = MarsCell.swift; sourceTree = "<group>"; };
		0B3EF4282AFC51EE00F0CECA /* Jupiter3D.swift */ = {isa = PBXFileReference; lastKnownFileType = sourcecode.swift; path = Jupiter3D.swift; sourceTree = "<group>"; };
		0B4005672AF9970400D515EE /* Earth3D.swift */ = {isa = PBXFileReference; lastKnownFileType = sourcecode.swift; path = Earth3D.swift; sourceTree = "<group>"; };
		0B42A1902B22B1B0007F3B57 /* NewsViewController.swift */ = {isa = PBXFileReference; lastKnownFileType = sourcecode.swift; path = NewsViewController.swift; sourceTree = "<group>"; };
		0B4573512B408ED400E8E6FF /* Tips.swift */ = {isa = PBXFileReference; lastKnownFileType = sourcecode.swift; path = Tips.swift; sourceTree = "<group>"; };
		0B6688262A84D1F300CD2B7E /* VenusViewController.swift */ = {isa = PBXFileReference; lastKnownFileType = sourcecode.swift; path = VenusViewController.swift; sourceTree = "<group>"; };
		0B6688282A84D81600CD2B7E /* VenusCell.swift */ = {isa = PBXFileReference; lastKnownFileType = sourcecode.swift; path = VenusCell.swift; sourceTree = "<group>"; };
		0B7671922AE47E22008E57B2 /* API.swift */ = {isa = PBXFileReference; lastKnownFileType = sourcecode.swift; path = API.swift; sourceTree = "<group>"; };
		0B7671962AE4C3FE008E57B2 /* Models.swift */ = {isa = PBXFileReference; lastKnownFileType = sourcecode.swift; path = Models.swift; sourceTree = "<group>"; };
		0B7CDD922A875C29006307D1 /* TabBarController.swift */ = {isa = PBXFileReference; lastKnownFileType = sourcecode.swift; path = TabBarController.swift; sourceTree = "<group>"; };
		0B7D0C472AAD65EC003FB763 /* SwiftViewController.swift */ = {isa = PBXFileReference; lastKnownFileType = sourcecode.swift; path = SwiftViewController.swift; sourceTree = "<group>"; };
		0B7D18BE2AE8A482009C2317 /* MessageRow.swift */ = {isa = PBXFileReference; lastKnownFileType = sourcecode.swift; path = MessageRow.swift; sourceTree = "<group>"; };
		0B7D18C22AE8A526009C2317 /* ViewModel.swift */ = {isa = PBXFileReference; lastKnownFileType = sourcecode.swift; path = ViewModel.swift; sourceTree = "<group>"; };
		0B7D18C52AE8A9DD009C2317 /* LoadingView.swift */ = {isa = PBXFileReference; lastKnownFileType = sourcecode.swift; path = LoadingView.swift; sourceTree = "<group>"; };
		0B7D18C72AE8AB97009C2317 /* MessageRowView.swift */ = {isa = PBXFileReference; lastKnownFileType = sourcecode.swift; path = MessageRowView.swift; sourceTree = "<group>"; };
		0B7D18CB2AE8B655009C2317 /* ContentView.swift */ = {isa = PBXFileReference; lastKnownFileType = sourcecode.swift; path = ContentView.swift; sourceTree = "<group>"; };
		0B8BCDDE2AF9545600DB54CF /* Mars3D.swift */ = {isa = PBXFileReference; lastKnownFileType = sourcecode.swift; path = Mars3D.swift; sourceTree = "<group>"; };
		0B9883672AFBF7800044C9A8 /* JupiterViewController.swift */ = {isa = PBXFileReference; lastKnownFileType = sourcecode.swift; path = JupiterViewController.swift; sourceTree = "<group>"; };
		0B9883692AFC0D490044C9A8 /* JupiterCell.swift */ = {isa = PBXFileReference; lastKnownFileType = sourcecode.swift; path = JupiterCell.swift; sourceTree = "<group>"; };
		0BA285B02B24450100DDEE39 /* EarthAR.swift */ = {isa = PBXFileReference; lastKnownFileType = sourcecode.swift; path = EarthAR.swift; sourceTree = "<group>"; };
		0BBF4B9C2A6049F100A9DC4D /* Haptics.swift */ = {isa = PBXFileReference; lastKnownFileType = sourcecode.swift; path = Haptics.swift; sourceTree = "<group>"; };
		0BC1F2832A85151300600232 /* Venus3D.swift */ = {isa = PBXFileReference; lastKnownFileType = sourcecode.swift; path = Venus3D.swift; sourceTree = "<group>"; };
		0BC1F2852A8520E900600232 /* EarthViewController.swift */ = {isa = PBXFileReference; lastKnownFileType = sourcecode.swift; path = EarthViewController.swift; sourceTree = "<group>"; };
		0BC1F2872A85216800600232 /* EarthCell.swift */ = {isa = PBXFileReference; lastKnownFileType = sourcecode.swift; path = EarthCell.swift; sourceTree = "<group>"; };
		0BC797B22A5DE66B005B9E45 /* SettingsViewController.swift */ = {isa = PBXFileReference; lastKnownFileType = sourcecode.swift; path = SettingsViewController.swift; sourceTree = "<group>"; };
		0BF8630B2AF1A58400379905 /* GradientView.swift */ = {isa = PBXFileReference; lastKnownFileType = sourcecode.swift; path = GradientView.swift; sourceTree = "<group>"; };
		2F073A122946BE4000F024B8 /* PlanetsViewController.swift */ = {isa = PBXFileReference; lastKnownFileType = sourcecode.swift; path = PlanetsViewController.swift; sourceTree = "<group>"; };
		2F0ACC22295DBCB800B3D0DB /* Mercury3D.swift */ = {isa = PBXFileReference; lastKnownFileType = sourcecode.swift; path = Mercury3D.swift; sourceTree = "<group>"; };
		2F0B04D12945A522001FAAE6 /* HomeViewController.swift */ = {isa = PBXFileReference; lastKnownFileType = sourcecode.swift; path = HomeViewController.swift; sourceTree = "<group>"; };
		2F0B04D52945A576001FAAE6 /* HomeCollectionViewCell.swift */ = {isa = PBXFileReference; lastKnownFileType = sourcecode.swift; path = HomeCollectionViewCell.swift; sourceTree = "<group>"; };
		2F4F8FC0295EBC5100F7EE98 /* StarsParticleSystem.scnp */ = {isa = PBXFileReference; lastKnownFileType = file.scp; path = StarsParticleSystem.scnp; sourceTree = "<group>"; };
		2F4F8FC1295EBC5100F7EE98 /* star.png */ = {isa = PBXFileReference; lastKnownFileType = image.png; path = star.png; sourceTree = "<group>"; };
		2F4F8FC4295EC08100F7EE98 /* PlanetNode.swift */ = {isa = PBXFileReference; lastKnownFileType = sourcecode.swift; path = PlanetNode.swift; sourceTree = "<group>"; };
		2F52B487297F209F00A92FF7 /* MercuryCell.swift */ = {isa = PBXFileReference; lastKnownFileType = sourcecode.swift; path = MercuryCell.swift; sourceTree = "<group>"; };
		2F542ED0297CF0110067C26B /* Pulse.swift */ = {isa = PBXFileReference; lastKnownFileType = sourcecode.swift; path = Pulse.swift; sourceTree = "<group>"; };
		2F587A2A294D49490028225E /* MercuryViewController.swift */ = {isa = PBXFileReference; lastKnownFileType = sourcecode.swift; path = MercuryViewController.swift; sourceTree = "<group>"; };
		2F6427CF2A4FA4EF00CC503D /* Cosmofy.entitlements */ = {isa = PBXFileReference; lastKnownFileType = text.plist.entitlements; path = Cosmofy.entitlements; sourceTree = "<group>"; };
		2F7494EE2A5B35C4004C63B7 /* KeychainItem.swift */ = {isa = PBXFileReference; fileEncoding = 4; lastKnownFileType = sourcecode.swift; path = KeychainItem.swift; sourceTree = "<group>"; };
		2FBBB6552945531500BBB072 /* Cosmofy.app */ = {isa = PBXFileReference; explicitFileType = wrapper.application; includeInIndex = 0; path = Cosmofy.app; sourceTree = BUILT_PRODUCTS_DIR; };
		2FBBB6582945531500BBB072 /* AppDelegate.swift */ = {isa = PBXFileReference; lastKnownFileType = sourcecode.swift; path = AppDelegate.swift; sourceTree = "<group>"; };
		2FBBB65F2945531500BBB072 /* Base */ = {isa = PBXFileReference; lastKnownFileType = file.storyboard; name = Base; path = Base.lproj/Main.storyboard; sourceTree = "<group>"; };
		2FBBB6612945531700BBB072 /* Assets.xcassets */ = {isa = PBXFileReference; lastKnownFileType = folder.assetcatalog; path = Assets.xcassets; sourceTree = "<group>"; };
		2FBBB6642945531700BBB072 /* Base */ = {isa = PBXFileReference; lastKnownFileType = file.storyboard; name = Base; path = Base.lproj/LaunchScreen.storyboard; sourceTree = "<group>"; };
		2FBBB6662945531700BBB072 /* Info.plist */ = {isa = PBXFileReference; lastKnownFileType = text.plist.xml; path = Info.plist; sourceTree = "<group>"; };
		2FDBA47B2A54F0A200598EC6 /* LoginViewController.swift */ = {isa = PBXFileReference; lastKnownFileType = sourcecode.swift; path = LoginViewController.swift; sourceTree = "<group>"; };
/* End PBXFileReference section */

/* Begin PBXFrameworksBuildPhase section */
		2FBBB6522945531500BBB072 /* Frameworks */ = {
			isa = PBXFrameworksBuildPhase;
			buildActionMask = 2147483647;
			files = (
			);
			runOnlyForDeploymentPostprocessing = 0;
		};
/* End PBXFrameworksBuildPhase section */

/* Begin PBXGroup section */
		0B7D18C42AE8A5E7009C2317 /* Swift */ = {
			isa = PBXGroup;
			children = (
				0B7671922AE47E22008E57B2 /* API.swift */,
				0B7D18CB2AE8B655009C2317 /* ContentView.swift */,
				0B7671962AE4C3FE008E57B2 /* Models.swift */,
				0B7D18BE2AE8A482009C2317 /* MessageRow.swift */,
				0B7D18C22AE8A526009C2317 /* ViewModel.swift */,
				0B7D18C52AE8A9DD009C2317 /* LoadingView.swift */,
				0B7D18C72AE8AB97009C2317 /* MessageRowView.swift */,
			);
			path = Swift;
			sourceTree = "<group>";
		};
		0BBF4B9B2A6049BA00A9DC4D /* SupportingFiles */ = {
			isa = PBXGroup;
			children = (
				2F542ED0297CF0110067C26B /* Pulse.swift */,
				0B4573512B408ED400E8E6FF /* Tips.swift */,
				2F7494EE2A5B35C4004C63B7 /* KeychainItem.swift */,
				0BBF4B9C2A6049F100A9DC4D /* Haptics.swift */,
				0B7CDD922A875C29006307D1 /* TabBarController.swift */,
				0BF8630B2AF1A58400379905 /* GradientView.swift */,
			);
			path = SupportingFiles;
			sourceTree = "<group>";
		};
		0BC797B12A5DE62D005B9E45 /* Screens */ = {
			isa = PBXGroup;
			children = (
				2F0B04D12945A522001FAAE6 /* HomeViewController.swift */,
				2F073A122946BE4000F024B8 /* PlanetsViewController.swift */,
				2FDBA47B2A54F0A200598EC6 /* LoginViewController.swift */,
				0BC797B22A5DE66B005B9E45 /* SettingsViewController.swift */,
				0B42A1902B22B1B0007F3B57 /* NewsViewController.swift */,
				0B7D0C472AAD65EC003FB763 /* SwiftViewController.swift */,
			);
			path = Screens;
			sourceTree = "<group>";
		};
		2F0ACC21295DBC9F00B3D0DB /* 3DViewController */ = {
			isa = PBXGroup;
			children = (
				2F4F8FC4295EC08100F7EE98 /* PlanetNode.swift */,
				2F0ACC22295DBCB800B3D0DB /* Mercury3D.swift */,
				0B4005672AF9970400D515EE /* Earth3D.swift */,
				0BC1F2832A85151300600232 /* Venus3D.swift */,
				0B8BCDDE2AF9545600DB54CF /* Mars3D.swift */,
				0B3EF4282AFC51EE00F0CECA /* Jupiter3D.swift */,
			);
			path = 3DViewController;
			sourceTree = "<group>";
		};
		2F587A29294D48FE0028225E /* PlanetViewController */ = {
			isa = PBXGroup;
			children = (
				2F587A2A294D49490028225E /* MercuryViewController.swift */,
				0BC1F2852A8520E900600232 /* EarthViewController.swift */,
				0B6688262A84D1F300CD2B7E /* VenusViewController.swift */,
				0B294B5A2A8FB34400E755B3 /* MarsViewController.swift */,
				0B9883672AFBF7800044C9A8 /* JupiterViewController.swift */,
			);
			path = PlanetViewController;
			sourceTree = "<group>";
		};
		2F98598529838E5B007271B1 /* CollectionViewCells */ = {
			isa = PBXGroup;
			children = (
				2F0B04D52945A576001FAAE6 /* HomeCollectionViewCell.swift */,
				2F52B487297F209F00A92FF7 /* MercuryCell.swift */,
				0B6688282A84D81600CD2B7E /* VenusCell.swift */,
				0BC1F2872A85216800600232 /* EarthCell.swift */,
				0B294B5C2A8FB46400E755B3 /* MarsCell.swift */,
				0B9883692AFC0D490044C9A8 /* JupiterCell.swift */,
			);
			path = CollectionViewCells;
			sourceTree = "<group>";
		};
		2F98598629838EA0007271B1 /* ARViewControllers */ = {
			isa = PBXGroup;
			children = (
				0BA285B02B24450100DDEE39 /* EarthAR.swift */,
			);
			path = ARViewControllers;
			sourceTree = "<group>";
		};
		2FBBB64C2945531500BBB072 = {
			isa = PBXGroup;
			children = (
				0B1BAD562AE97736001CFC35 /* .gitignore */,
				0B1BAD502AE96FE7001CFC35 /* ci_scripts */,
				2FBBB6572945531500BBB072 /* Cosmofy */,
				2FBBB6562945531500BBB072 /* Products */,
			);
			sourceTree = "<group>";
		};
		2FBBB6562945531500BBB072 /* Products */ = {
			isa = PBXGroup;
			children = (
				2FBBB6552945531500BBB072 /* Cosmofy.app */,
			);
			name = Products;
			sourceTree = "<group>";
		};
		2FBBB6572945531500BBB072 /* Cosmofy */ = {
			isa = PBXGroup;
			children = (
				2F6427CF2A4FA4EF00CC503D /* Cosmofy.entitlements */,
				2F4F8FC1295EBC5100F7EE98 /* star.png */,
				2F4F8FC0295EBC5100F7EE98 /* StarsParticleSystem.scnp */,
				0B7D18C42AE8A5E7009C2317 /* Swift */,
				0BC797B12A5DE62D005B9E45 /* Screens */,
				2F0ACC21295DBC9F00B3D0DB /* 3DViewController */,
				2F98598629838EA0007271B1 /* ARViewControllers */,
				2F587A29294D48FE0028225E /* PlanetViewController */,
				0BBF4B9B2A6049BA00A9DC4D /* SupportingFiles */,
				2F98598529838E5B007271B1 /* CollectionViewCells */,
				2FBBB6582945531500BBB072 /* AppDelegate.swift */,
				2FBBB65E2945531500BBB072 /* Main.storyboard */,
				2FBBB6632945531700BBB072 /* LaunchScreen.storyboard */,
				2FBBB6612945531700BBB072 /* Assets.xcassets */,
				2FBBB6662945531700BBB072 /* Info.plist */,
			);
			path = Cosmofy;
			sourceTree = "<group>";
		};
/* End PBXGroup section */

/* Begin PBXNativeTarget section */
		2FBBB6542945531500BBB072 /* Cosmofy */ = {
			isa = PBXNativeTarget;
			buildConfigurationList = 2FBBB6692945531700BBB072 /* Build configuration list for PBXNativeTarget "Cosmofy" */;
			buildPhases = (
				2FBBB6512945531500BBB072 /* Sources */,
				2FBBB6522945531500BBB072 /* Frameworks */,
				2FBBB6532945531500BBB072 /* Resources */,
			);
			buildRules = (
			);
			dependencies = (
			);
			name = Cosmofy;
			productName = Spacefy;
			productReference = 2FBBB6552945531500BBB072 /* Cosmofy.app */;
			productType = "com.apple.product-type.application";
		};
/* End PBXNativeTarget section */

/* Begin PBXProject section */
		2FBBB64D2945531500BBB072 /* Project object */ = {
			isa = PBXProject;
			attributes = {
				BuildIndependentTargetsInParallel = 1;
				LastSwiftUpdateCheck = 1410;
				LastUpgradeCheck = 1500;
				TargetAttributes = {
					2FBBB6542945531500BBB072 = {
						CreatedOnToolsVersion = 14.1;
					};
				};
			};
			buildConfigurationList = 2FBBB6502945531500BBB072 /* Build configuration list for PBXProject "Cosmofy" */;
			compatibilityVersion = "Xcode 15.0";
			developmentRegion = en;
			hasScannedForEncodings = 0;
			knownRegions = (
				en,
				Base,
			);
			mainGroup = 2FBBB64C2945531500BBB072;
			productRefGroup = 2FBBB6562945531500BBB072 /* Products */;
			projectDirPath = "";
			projectRoot = "";
			targets = (
				2FBBB6542945531500BBB072 /* Cosmofy */,
			);
		};
/* End PBXProject section */

/* Begin PBXResourcesBuildPhase section */
		2FBBB6532945531500BBB072 /* Resources */ = {
			isa = PBXResourcesBuildPhase;
			buildActionMask = 2147483647;
			files = (
				2FBBB6652945531700BBB072 /* LaunchScreen.storyboard in Resources */,
				0B1BAD572AE97736001CFC35 /* .gitignore in Resources */,
				2F4F8FC3295EBC5100F7EE98 /* star.png in Resources */,
				2F4F8FC2295EBC5100F7EE98 /* StarsParticleSystem.scnp in Resources */,
				0B1BAD512AE96FE7001CFC35 /* ci_scripts in Resources */,
				2FBBB6622945531700BBB072 /* Assets.xcassets in Resources */,
				2FBBB6602945531500BBB072 /* Main.storyboard in Resources */,
			);
			runOnlyForDeploymentPostprocessing = 0;
		};
/* End PBXResourcesBuildPhase section */

/* Begin PBXSourcesBuildPhase section */
		2FBBB6512945531500BBB072 /* Sources */ = {
			isa = PBXSourcesBuildPhase;
			buildActionMask = 2147483647;
			files = (
				2F7494EF2A5B35C4004C63B7 /* KeychainItem.swift in Sources */,
				2F542ED1297CF0110067C26B /* Pulse.swift in Sources */,
				0B7D18CC2AE8B655009C2317 /* ContentView.swift in Sources */,
				2F587A2B294D49490028225E /* MercuryViewController.swift in Sources */,
				0BC1F2862A8520E900600232 /* EarthViewController.swift in Sources */,
				0B7D18C32AE8A526009C2317 /* ViewModel.swift in Sources */,
				0B7D0C482AAD65EC003FB763 /* SwiftViewController.swift in Sources */,
				0B6688272A84D1F300CD2B7E /* VenusViewController.swift in Sources */,
				0BA285B12B24450100DDEE39 /* EarthAR.swift in Sources */,
				0B3EF4292AFC51EE00F0CECA /* Jupiter3D.swift in Sources */,
				0B6688292A84D81600CD2B7E /* VenusCell.swift in Sources */,
				2F0B04D62945A576001FAAE6 /* HomeCollectionViewCell.swift in Sources */,
				2FDBA47C2A54F0A200598EC6 /* LoginViewController.swift in Sources */,
				2F073A132946BE4000F024B8 /* PlanetsViewController.swift in Sources */,
				0B294B5D2A8FB46400E755B3 /* MarsCell.swift in Sources */,
				0BC797B32A5DE66B005B9E45 /* SettingsViewController.swift in Sources */,
				0B42A1912B22B1B0007F3B57 /* NewsViewController.swift in Sources */,
				2FBBB6592945531500BBB072 /* AppDelegate.swift in Sources */,
				2F0ACC23295DBCB800B3D0DB /* Mercury3D.swift in Sources */,
				0B8BCDDF2AF9545600DB54CF /* Mars3D.swift in Sources */,
				0B294B5B2A8FB34400E755B3 /* MarsViewController.swift in Sources */,
				0BC1F2882A85216800600232 /* EarthCell.swift in Sources */,
				0B4573522B408ED400E8E6FF /* Tips.swift in Sources */,
				2F52B488297F209F00A92FF7 /* MercuryCell.swift in Sources */,
				0B7671932AE47E22008E57B2 /* API.swift in Sources */,
				0B9883682AFBF7800044C9A8 /* JupiterViewController.swift in Sources */,
				0BF8630C2AF1A58400379905 /* GradientView.swift in Sources */,
				0B7D18C82AE8AB97009C2317 /* MessageRowView.swift in Sources */,
				0BC1F2842A85151300600232 /* Venus3D.swift in Sources */,
				0B7D18BF2AE8A482009C2317 /* MessageRow.swift in Sources */,
				0BBF4B9D2A6049F100A9DC4D /* Haptics.swift in Sources */,
				0B7671972AE4C3FE008E57B2 /* Models.swift in Sources */,
				0B4005682AF9970400D515EE /* Earth3D.swift in Sources */,
				0B7D18C62AE8A9DD009C2317 /* LoadingView.swift in Sources */,
				0B7CDD932A875C29006307D1 /* TabBarController.swift in Sources */,
				2F4F8FC5295EC08100F7EE98 /* PlanetNode.swift in Sources */,
				2F0B04D22945A522001FAAE6 /* HomeViewController.swift in Sources */,
				0B98836A2AFC0D490044C9A8 /* JupiterCell.swift in Sources */,
			);
			runOnlyForDeploymentPostprocessing = 0;
		};
/* End PBXSourcesBuildPhase section */

/* Begin PBXVariantGroup section */
		2FBBB65E2945531500BBB072 /* Main.storyboard */ = {
			isa = PBXVariantGroup;
			children = (
				2FBBB65F2945531500BBB072 /* Base */,
			);
			name = Main.storyboard;
			sourceTree = "<group>";
		};
		2FBBB6632945531700BBB072 /* LaunchScreen.storyboard */ = {
			isa = PBXVariantGroup;
			children = (
				2FBBB6642945531700BBB072 /* Base */,
			);
			name = LaunchScreen.storyboard;
			sourceTree = "<group>";
		};
/* End PBXVariantGroup section */

/* Begin XCBuildConfiguration section */
		2FBBB6672945531700BBB072 /* Debug */ = {
			isa = XCBuildConfiguration;
			buildSettings = {
				ALWAYS_SEARCH_USER_PATHS = NO;
				ASSETCATALOG_COMPILER_GENERATE_SWIFT_ASSET_SYMBOL_EXTENSIONS = YES;
				CLANG_ANALYZER_NONNULL = YES;
				CLANG_ANALYZER_NUMBER_OBJECT_CONVERSION = YES_AGGRESSIVE;
				CLANG_CXX_LANGUAGE_STANDARD = "gnu++20";
				CLANG_ENABLE_MODULES = YES;
				CLANG_ENABLE_OBJC_ARC = YES;
				CLANG_ENABLE_OBJC_WEAK = YES;
				CLANG_WARN_BLOCK_CAPTURE_AUTORELEASING = YES;
				CLANG_WARN_BOOL_CONVERSION = YES;
				CLANG_WARN_COMMA = YES;
				CLANG_WARN_CONSTANT_CONVERSION = YES;
				CLANG_WARN_DEPRECATED_OBJC_IMPLEMENTATIONS = YES;
				CLANG_WARN_DIRECT_OBJC_ISA_USAGE = YES_ERROR;
				CLANG_WARN_DOCUMENTATION_COMMENTS = YES;
				CLANG_WARN_EMPTY_BODY = YES;
				CLANG_WARN_ENUM_CONVERSION = YES;
				CLANG_WARN_INFINITE_RECURSION = YES;
				CLANG_WARN_INT_CONVERSION = YES;
				CLANG_WARN_NON_LITERAL_NULL_CONVERSION = YES;
				CLANG_WARN_OBJC_IMPLICIT_RETAIN_SELF = YES;
				CLANG_WARN_OBJC_LITERAL_CONVERSION = YES;
				CLANG_WARN_OBJC_ROOT_CLASS = YES_ERROR;
				CLANG_WARN_QUOTED_INCLUDE_IN_FRAMEWORK_HEADER = YES;
				CLANG_WARN_RANGE_LOOP_ANALYSIS = YES;
				CLANG_WARN_STRICT_PROTOTYPES = YES;
				CLANG_WARN_SUSPICIOUS_MOVE = YES;
				CLANG_WARN_UNGUARDED_AVAILABILITY = YES_AGGRESSIVE;
				CLANG_WARN_UNREACHABLE_CODE = YES;
				CLANG_WARN__DUPLICATE_METHOD_MATCH = YES;
				COPY_PHASE_STRIP = NO;
				DEBUG_INFORMATION_FORMAT = dwarf;
				ENABLE_STRICT_OBJC_MSGSEND = YES;
				ENABLE_TESTABILITY = YES;
				ENABLE_USER_SCRIPT_SANDBOXING = YES;
				GCC_C_LANGUAGE_STANDARD = gnu11;
				GCC_DYNAMIC_NO_PIC = NO;
				GCC_NO_COMMON_BLOCKS = YES;
				GCC_OPTIMIZATION_LEVEL = 0;
				GCC_PREPROCESSOR_DEFINITIONS = (
					"DEBUG=1",
					"$(inherited)",
				);
				GCC_WARN_64_TO_32_BIT_CONVERSION = YES;
				GCC_WARN_ABOUT_RETURN_TYPE = YES_ERROR;
				GCC_WARN_UNDECLARED_SELECTOR = YES;
				GCC_WARN_UNINITIALIZED_AUTOS = YES_AGGRESSIVE;
				GCC_WARN_UNUSED_FUNCTION = YES;
				GCC_WARN_UNUSED_VARIABLE = YES;
				IPHONEOS_DEPLOYMENT_TARGET = 16.1;
				MTL_ENABLE_DEBUG_INFO = INCLUDE_SOURCE;
				MTL_FAST_MATH = YES;
				ONLY_ACTIVE_ARCH = YES;
				SDKROOT = iphoneos;
				SWIFT_ACTIVE_COMPILATION_CONDITIONS = DEBUG;
				SWIFT_OPTIMIZATION_LEVEL = "-Onone";
			};
			name = Debug;
		};
		2FBBB6682945531700BBB072 /* Release */ = {
			isa = XCBuildConfiguration;
			buildSettings = {
				ALWAYS_SEARCH_USER_PATHS = NO;
				ASSETCATALOG_COMPILER_GENERATE_SWIFT_ASSET_SYMBOL_EXTENSIONS = YES;
				CLANG_ANALYZER_NONNULL = YES;
				CLANG_ANALYZER_NUMBER_OBJECT_CONVERSION = YES_AGGRESSIVE;
				CLANG_CXX_LANGUAGE_STANDARD = "gnu++20";
				CLANG_ENABLE_MODULES = YES;
				CLANG_ENABLE_OBJC_ARC = YES;
				CLANG_ENABLE_OBJC_WEAK = YES;
				CLANG_WARN_BLOCK_CAPTURE_AUTORELEASING = YES;
				CLANG_WARN_BOOL_CONVERSION = YES;
				CLANG_WARN_COMMA = YES;
				CLANG_WARN_CONSTANT_CONVERSION = YES;
				CLANG_WARN_DEPRECATED_OBJC_IMPLEMENTATIONS = YES;
				CLANG_WARN_DIRECT_OBJC_ISA_USAGE = YES_ERROR;
				CLANG_WARN_DOCUMENTATION_COMMENTS = YES;
				CLANG_WARN_EMPTY_BODY = YES;
				CLANG_WARN_ENUM_CONVERSION = YES;
				CLANG_WARN_INFINITE_RECURSION = YES;
				CLANG_WARN_INT_CONVERSION = YES;
				CLANG_WARN_NON_LITERAL_NULL_CONVERSION = YES;
				CLANG_WARN_OBJC_IMPLICIT_RETAIN_SELF = YES;
				CLANG_WARN_OBJC_LITERAL_CONVERSION = YES;
				CLANG_WARN_OBJC_ROOT_CLASS = YES_ERROR;
				CLANG_WARN_QUOTED_INCLUDE_IN_FRAMEWORK_HEADER = YES;
				CLANG_WARN_RANGE_LOOP_ANALYSIS = YES;
				CLANG_WARN_STRICT_PROTOTYPES = YES;
				CLANG_WARN_SUSPICIOUS_MOVE = YES;
				CLANG_WARN_UNGUARDED_AVAILABILITY = YES_AGGRESSIVE;
				CLANG_WARN_UNREACHABLE_CODE = YES;
				CLANG_WARN__DUPLICATE_METHOD_MATCH = YES;
				COPY_PHASE_STRIP = NO;
				DEBUG_INFORMATION_FORMAT = "dwarf-with-dsym";
				ENABLE_NS_ASSERTIONS = NO;
				ENABLE_STRICT_OBJC_MSGSEND = YES;
				ENABLE_USER_SCRIPT_SANDBOXING = YES;
				GCC_C_LANGUAGE_STANDARD = gnu11;
				GCC_NO_COMMON_BLOCKS = YES;
				GCC_WARN_64_TO_32_BIT_CONVERSION = YES;
				GCC_WARN_ABOUT_RETURN_TYPE = YES_ERROR;
				GCC_WARN_UNDECLARED_SELECTOR = YES;
				GCC_WARN_UNINITIALIZED_AUTOS = YES_AGGRESSIVE;
				GCC_WARN_UNUSED_FUNCTION = YES;
				GCC_WARN_UNUSED_VARIABLE = YES;
				IPHONEOS_DEPLOYMENT_TARGET = 16.1;
				MTL_ENABLE_DEBUG_INFO = NO;
				MTL_FAST_MATH = YES;
				SDKROOT = iphoneos;
				SWIFT_COMPILATION_MODE = wholemodule;
				SWIFT_OPTIMIZATION_LEVEL = "-O";
				VALIDATE_PRODUCT = YES;
			};
			name = Release;
		};
		2FBBB66A2945531700BBB072 /* Debug */ = {
			isa = XCBuildConfiguration;
			buildSettings = {
				ASSETCATALOG_COMPILER_APPICON_NAME = AppIcon;
				ASSETCATALOG_COMPILER_GLOBAL_ACCENT_COLOR_NAME = AccentColor;
				ASSETCATALOG_COMPILER_INCLUDE_ALL_APPICON_ASSETS = YES;
				CODE_SIGN_ENTITLEMENTS = Cosmofy/Cosmofy.entitlements;
				CODE_SIGN_STYLE = Automatic;
				CURRENT_PROJECT_VERSION = 1;
				DEVELOPMENT_TEAM = 6C6Q6AQ2V8;
				GENERATE_INFOPLIST_FILE = YES;
				INFOPLIST_FILE = Cosmofy/Info.plist;
				INFOPLIST_KEY_CFBundleDisplayName = Cosmofy;
				INFOPLIST_KEY_LSApplicationCategoryType = "public.app-category.entertainment";
				INFOPLIST_KEY_UIApplicationSupportsIndirectInputEvents = YES;
				INFOPLIST_KEY_UILaunchStoryboardName = LaunchScreen.storyboard;
				INFOPLIST_KEY_UIMainStoryboardFile = Main;
				INFOPLIST_KEY_UIStatusBarStyle = UIStatusBarStyleDarkContent;
				INFOPLIST_KEY_UISupportedInterfaceOrientations = UIInterfaceOrientationPortrait;
				INFOPLIST_KEY_UISupportedInterfaceOrientations_iPad = "UIInterfaceOrientationLandscapeLeft UIInterfaceOrientationLandscapeRight UIInterfaceOrientationPortrait UIInterfaceOrientationPortraitUpsideDown";
				IPHONEOS_DEPLOYMENT_TARGET = 17.0;
				LD_RUNPATH_SEARCH_PATHS = (
					"$(inherited)",
					"@executable_path/Frameworks",
				);
				MARKETING_VERSION = 0.3.4;
				PRODUCT_BUNDLE_IDENTIFIER = com.snape447.Cosmofy;
				PRODUCT_NAME = "$(TARGET_NAME)";
				SUPPORTED_PLATFORMS = "iphoneos iphonesimulator";
				SUPPORTS_MACCATALYST = NO;
				SUPPORTS_MAC_DESIGNED_FOR_IPHONE_IPAD = NO;
				SWIFT_EMIT_LOC_STRINGS = YES;
				SWIFT_VERSION = 5.0;
				TARGETED_DEVICE_FAMILY = 1;
			};
			name = Debug;
		};
		2FBBB66B2945531700BBB072 /* Release */ = {
			isa = XCBuildConfiguration;
			buildSettings = {
				ASSETCATALOG_COMPILER_APPICON_NAME = AppIcon;
				ASSETCATALOG_COMPILER_GLOBAL_ACCENT_COLOR_NAME = AccentColor;
				ASSETCATALOG_COMPILER_INCLUDE_ALL_APPICON_ASSETS = YES;
				CODE_SIGN_ENTITLEMENTS = Cosmofy/Cosmofy.entitlements;
				CODE_SIGN_STYLE = Automatic;
				CURRENT_PROJECT_VERSION = 1;
				DEVELOPMENT_TEAM = 6C6Q6AQ2V8;
				GENERATE_INFOPLIST_FILE = YES;
				INFOPLIST_FILE = Cosmofy/Info.plist;
				INFOPLIST_KEY_CFBundleDisplayName = Cosmofy;
				INFOPLIST_KEY_LSApplicationCategoryType = "public.app-category.entertainment";
				INFOPLIST_KEY_UIApplicationSupportsIndirectInputEvents = YES;
				INFOPLIST_KEY_UILaunchStoryboardName = LaunchScreen.storyboard;
				INFOPLIST_KEY_UIMainStoryboardFile = Main;
				INFOPLIST_KEY_UIStatusBarStyle = UIStatusBarStyleDarkContent;
				INFOPLIST_KEY_UISupportedInterfaceOrientations = UIInterfaceOrientationPortrait;
				INFOPLIST_KEY_UISupportedInterfaceOrientations_iPad = "UIInterfaceOrientationLandscapeLeft UIInterfaceOrientationLandscapeRight UIInterfaceOrientationPortrait UIInterfaceOrientationPortraitUpsideDown";
				IPHONEOS_DEPLOYMENT_TARGET = 17.0;
				LD_RUNPATH_SEARCH_PATHS = (
					"$(inherited)",
					"@executable_path/Frameworks",
				);
				MARKETING_VERSION = 0.3.4;
				PRODUCT_BUNDLE_IDENTIFIER = com.snape447.Cosmofy;
				PRODUCT_NAME = "$(TARGET_NAME)";
				SUPPORTED_PLATFORMS = "iphoneos iphonesimulator";
				SUPPORTS_MACCATALYST = NO;
				SUPPORTS_MAC_DESIGNED_FOR_IPHONE_IPAD = NO;
				SWIFT_EMIT_LOC_STRINGS = YES;
				SWIFT_VERSION = 5.0;
				TARGETED_DEVICE_FAMILY = 1;
			};
			name = Release;
		};
/* End XCBuildConfiguration section */

/* Begin XCConfigurationList section */
		2FBBB6502945531500BBB072 /* Build configuration list for PBXProject "Cosmofy" */ = {
			isa = XCConfigurationList;
			buildConfigurations = (
				2FBBB6672945531700BBB072 /* Debug */,
				2FBBB6682945531700BBB072 /* Release */,
			);
			defaultConfigurationIsVisible = 0;
			defaultConfigurationName = Release;
		};
		2FBBB6692945531700BBB072 /* Build configuration list for PBXNativeTarget "Cosmofy" */ = {
			isa = XCConfigurationList;
			buildConfigurations = (
				2FBBB66A2945531700BBB072 /* Debug */,
				2FBBB66B2945531700BBB072 /* Release */,
			);
			defaultConfigurationIsVisible = 0;
			defaultConfigurationName = Release;
		};
/* End XCConfigurationList section */
	};
	rootObject = 2FBBB64D2945531500BBB072 /* Project object */;
}
